
Microsoft Visual Studio Solution File, Format Version 12.00
# Visual Studio 15
VisualStudioVersion = 15.0.28307.329
MinimumVisualStudioVersion = 10.0.40219.1
Project("{FAE04EC0-301F-11D3-BF4B-00C04F79EFBC}") = "[C_ST117-中] 移除字串中連續k個零", "[C_ST117-中] 移除字串中連續k個零\[C_ST117-中] 移除字串中連續k個零.csproj", "{415CF00A-7EE5-4430-B260-3D5CF7ABBCD6}"
EndProject
Global
	GlobalSection(SolutionConfigurationPlatforms) = preSolution
		Debug|Any CPU = Debug|Any CPU
		Release|Any CPU = Release|Any CPU
	EndGlobalSection
	GlobalSection(ProjectConfigurationPlatforms) = postSolution
		{415CF00A-7EE5-4430-B260-3D5CF7ABBCD6}.Debug|Any CPU.ActiveCfg = Debug|Any CPU
		{415CF00A-7EE5-4430-B260-3D5CF7ABBCD6}.Debug|Any CPU.Build.0 = Debug|Any CPU
		{415CF00A-7EE5-4430-B260-3D5CF7ABBCD6}.Release|Any CPU.ActiveCfg = Release|Any CPU
		{415CF00A-7EE5-4430-B260-3D5CF7ABBCD6}.Release|Any CPU.Build.0 = Release|Any CPU
	EndGlobalSection
	GlobalSection(SolutionProperties) = preSolution
		HideSolutionNode = FALSE
	EndGlobalSection
	GlobalSection(ExtensibilityGlobals) = postSolution
		SolutionGuid = {5DBEE57B-FBE8-404A-BD16-797C018FF4AB}
	EndGlobalSection
EndGlobal
