
Microsoft Visual Studio Solution File, Format Version 12.00
# Visual Studio 15
VisualStudioVersion = 15.0.28307.168
MinimumVisualStudioVersion = 10.0.40219.1
Project("{FAE04EC0-301F-11D3-BF4B-00C04F79EFBC}") = "[C_AR175-易] 數字排序", "[C_AR175-易] 數字排序\[C_AR175-易] 數字排序.csproj", "{D5D4C16D-A8C6-4234-B2E1-D8FD37B31B8C}"
EndProject
Global
	GlobalSection(SolutionConfigurationPlatforms) = preSolution
		Debug|Any CPU = Debug|Any CPU
		Release|Any CPU = Release|Any CPU
	EndGlobalSection
	GlobalSection(ProjectConfigurationPlatforms) = postSolution
		{D5D4C16D-A8C6-4234-B2E1-D8FD37B31B8C}.Debug|Any CPU.ActiveCfg = Debug|Any CPU
		{D5D4C16D-A8C6-4234-B2E1-D8FD37B31B8C}.Debug|Any CPU.Build.0 = Debug|Any CPU
		{D5D4C16D-A8C6-4234-B2E1-D8FD37B31B8C}.Release|Any CPU.ActiveCfg = Release|Any CPU
		{D5D4C16D-A8C6-4234-B2E1-D8FD37B31B8C}.Release|Any CPU.Build.0 = Release|Any CPU
	EndGlobalSection
	GlobalSection(SolutionProperties) = preSolution
		HideSolutionNode = FALSE
	EndGlobalSection
	GlobalSection(ExtensibilityGlobals) = postSolution
		SolutionGuid = {03B5E500-35BA-4F8A-8D6A-9115029133C1}
	EndGlobalSection
EndGlobal
