
Microsoft Visual Studio Solution File, Format Version 12.00
# Visual Studio 15
VisualStudioVersion = 15.0.28307.438
MinimumVisualStudioVersion = 10.0.40219.1
Project("{FAE04EC0-301F-11D3-BF4B-00C04F79EFBC}") = "Problem 3. 最大單調遞減數字子序列", "Problem 3. 最大單調遞減數字子序列\Problem 3. 最大單調遞減數字子序列.csproj", "{53382BFE-0164-4B07-801B-823CBC26C96A}"
EndProject
Global
	GlobalSection(SolutionConfigurationPlatforms) = preSolution
		Debug|Any CPU = Debug|Any CPU
		Release|Any CPU = Release|Any CPU
	EndGlobalSection
	GlobalSection(ProjectConfigurationPlatforms) = postSolution
		{53382BFE-0164-4B07-801B-823CBC26C96A}.Debug|Any CPU.ActiveCfg = Debug|Any CPU
		{53382BFE-0164-4B07-801B-823CBC26C96A}.Debug|Any CPU.Build.0 = Debug|Any CPU
		{53382BFE-0164-4B07-801B-823CBC26C96A}.Release|Any CPU.ActiveCfg = Release|Any CPU
		{53382BFE-0164-4B07-801B-823CBC26C96A}.Release|Any CPU.Build.0 = Release|Any CPU
	EndGlobalSection
	GlobalSection(SolutionProperties) = preSolution
		HideSolutionNode = FALSE
	EndGlobalSection
	GlobalSection(ExtensibilityGlobals) = postSolution
		SolutionGuid = {CFEA9A42-21C0-4B5E-BCEB-3100A64577F3}
	EndGlobalSection
EndGlobal
