
Microsoft Visual Studio Solution File, Format Version 12.00
# Visual Studio 15
VisualStudioVersion = 15.0.28307.168
MinimumVisualStudioVersion = 10.0.40219.1
Project("{FAE04EC0-301F-11D3-BF4B-00C04F79EFBC}") = "[Problem 4] Broken numbers", "[Problem 4] Broken numbers\[Problem 4] Broken numbers.csproj", "{97E67215-FCB1-4694-802C-30124918B9E3}"
EndProject
Global
	GlobalSection(SolutionConfigurationPlatforms) = preSolution
		Debug|Any CPU = Debug|Any CPU
		Release|Any CPU = Release|Any CPU
	EndGlobalSection
	GlobalSection(ProjectConfigurationPlatforms) = postSolution
		{97E67215-FCB1-4694-802C-30124918B9E3}.Debug|Any CPU.ActiveCfg = Debug|Any CPU
		{97E67215-FCB1-4694-802C-30124918B9E3}.Debug|Any CPU.Build.0 = Debug|Any CPU
		{97E67215-FCB1-4694-802C-30124918B9E3}.Release|Any CPU.ActiveCfg = Release|Any CPU
		{97E67215-FCB1-4694-802C-30124918B9E3}.Release|Any CPU.Build.0 = Release|Any CPU
	EndGlobalSection
	GlobalSection(SolutionProperties) = preSolution
		HideSolutionNode = FALSE
	EndGlobalSection
	GlobalSection(ExtensibilityGlobals) = postSolution
		SolutionGuid = {336FB72D-391A-4965-A744-F007E566E8EA}
	EndGlobalSection
EndGlobal
