
Microsoft Visual Studio Solution File, Format Version 12.00
# Visual Studio 15
VisualStudioVersion = 15.0.28307.136
MinimumVisualStudioVersion = 10.0.40219.1
Project("{FAE04EC0-301F-11D3-BF4B-00C04F79EFBC}") = "[Problem 5] 集點優惠", "[Problem 5] 集點優惠\[Problem 5] 集點優惠.csproj", "{B14528F9-DC7E-4F98-8FC9-3B5A1CB717D7}"
EndProject
Global
	GlobalSection(SolutionConfigurationPlatforms) = preSolution
		Debug|Any CPU = Debug|Any CPU
		Release|Any CPU = Release|Any CPU
	EndGlobalSection
	GlobalSection(ProjectConfigurationPlatforms) = postSolution
		{B14528F9-DC7E-4F98-8FC9-3B5A1CB717D7}.Debug|Any CPU.ActiveCfg = Debug|Any CPU
		{B14528F9-DC7E-4F98-8FC9-3B5A1CB717D7}.Debug|Any CPU.Build.0 = Debug|Any CPU
		{B14528F9-DC7E-4F98-8FC9-3B5A1CB717D7}.Release|Any CPU.ActiveCfg = Release|Any CPU
		{B14528F9-DC7E-4F98-8FC9-3B5A1CB717D7}.Release|Any CPU.Build.0 = Release|Any CPU
	EndGlobalSection
	GlobalSection(SolutionProperties) = preSolution
		HideSolutionNode = FALSE
	EndGlobalSection
	GlobalSection(ExtensibilityGlobals) = postSolution
		SolutionGuid = {E8801414-C348-4B76-A44E-F9F4285BD168}
	EndGlobalSection
EndGlobal
