
Microsoft Visual Studio Solution File, Format Version 12.00
# Visual Studio 15
VisualStudioVersion = 15.0.28307.168
MinimumVisualStudioVersion = 10.0.40219.1
Project("{FAE04EC0-301F-11D3-BF4B-00C04F79EFBC}") = "[C_ST44-易] 移除字串中的空白鍵和定位鍵", "[C_ST44-易] 移除字串中的空白鍵和定位鍵\[C_ST44-易] 移除字串中的空白鍵和定位鍵.csproj", "{350157BE-8937-4DFF-B671-64EF12FC03D6}"
EndProject
Global
	GlobalSection(SolutionConfigurationPlatforms) = preSolution
		Debug|Any CPU = Debug|Any CPU
		Release|Any CPU = Release|Any CPU
	EndGlobalSection
	GlobalSection(ProjectConfigurationPlatforms) = postSolution
		{350157BE-8937-4DFF-B671-64EF12FC03D6}.Debug|Any CPU.ActiveCfg = Debug|Any CPU
		{350157BE-8937-4DFF-B671-64EF12FC03D6}.Debug|Any CPU.Build.0 = Debug|Any CPU
		{350157BE-8937-4DFF-B671-64EF12FC03D6}.Release|Any CPU.ActiveCfg = Release|Any CPU
		{350157BE-8937-4DFF-B671-64EF12FC03D6}.Release|Any CPU.Build.0 = Release|Any CPU
	EndGlobalSection
	GlobalSection(SolutionProperties) = preSolution
		HideSolutionNode = FALSE
	EndGlobalSection
	GlobalSection(ExtensibilityGlobals) = postSolution
		SolutionGuid = {F102A3F5-6906-4784-8295-02DFE8DA105F}
	EndGlobalSection
EndGlobal
