
Microsoft Visual Studio Solution File, Format Version 12.00
# Visual Studio 15
VisualStudioVersion = 15.0.28307.168
MinimumVisualStudioVersion = 10.0.40219.1
Project("{FAE04EC0-301F-11D3-BF4B-00C04F79EFBC}") = "[C_ST12-易] 星號依規則輸出", "[C_ST12-易] 星號依規則輸出\[C_ST12-易] 星號依規則輸出.csproj", "{886D1FA1-CAC2-416C-B2FA-09C7816AF310}"
EndProject
Global
	GlobalSection(SolutionConfigurationPlatforms) = preSolution
		Debug|Any CPU = Debug|Any CPU
		Release|Any CPU = Release|Any CPU
	EndGlobalSection
	GlobalSection(ProjectConfigurationPlatforms) = postSolution
		{886D1FA1-CAC2-416C-B2FA-09C7816AF310}.Debug|Any CPU.ActiveCfg = Debug|Any CPU
		{886D1FA1-CAC2-416C-B2FA-09C7816AF310}.Debug|Any CPU.Build.0 = Debug|Any CPU
		{886D1FA1-CAC2-416C-B2FA-09C7816AF310}.Release|Any CPU.ActiveCfg = Release|Any CPU
		{886D1FA1-CAC2-416C-B2FA-09C7816AF310}.Release|Any CPU.Build.0 = Release|Any CPU
	EndGlobalSection
	GlobalSection(SolutionProperties) = preSolution
		HideSolutionNode = FALSE
	EndGlobalSection
	GlobalSection(ExtensibilityGlobals) = postSolution
		SolutionGuid = {63C10949-B6B9-4D83-A1EA-D3A636104B8B}
	EndGlobalSection
EndGlobal
