
Microsoft Visual Studio Solution File, Format Version 12.00
# Visual Studio 15
VisualStudioVersion = 15.0.28307.168
MinimumVisualStudioVersion = 10.0.40219.1
Project("{FAE04EC0-301F-11D3-BF4B-00C04F79EFBC}") = "[C_ST17-易] 判斷是否為迴文", "[C_ST17-易] 判斷是否為迴文\[C_ST17-易] 判斷是否為迴文.csproj", "{75639794-B619-4089-8AE9-596AFBAB37EE}"
EndProject
Global
	GlobalSection(SolutionConfigurationPlatforms) = preSolution
		Debug|Any CPU = Debug|Any CPU
		Release|Any CPU = Release|Any CPU
	EndGlobalSection
	GlobalSection(ProjectConfigurationPlatforms) = postSolution
		{75639794-B619-4089-8AE9-596AFBAB37EE}.Debug|Any CPU.ActiveCfg = Debug|Any CPU
		{75639794-B619-4089-8AE9-596AFBAB37EE}.Debug|Any CPU.Build.0 = Debug|Any CPU
		{75639794-B619-4089-8AE9-596AFBAB37EE}.Release|Any CPU.ActiveCfg = Release|Any CPU
		{75639794-B619-4089-8AE9-596AFBAB37EE}.Release|Any CPU.Build.0 = Release|Any CPU
	EndGlobalSection
	GlobalSection(SolutionProperties) = preSolution
		HideSolutionNode = FALSE
	EndGlobalSection
	GlobalSection(ExtensibilityGlobals) = postSolution
		SolutionGuid = {B2ABBAB3-5AD7-4046-891E-E1EA403AA756}
	EndGlobalSection
EndGlobal
