
Microsoft Visual Studio Solution File, Format Version 12.00
# Visual Studio 15
VisualStudioVersion = 15.0.28307.168
MinimumVisualStudioVersion = 10.0.40219.1
Project("{FAE04EC0-301F-11D3-BF4B-00C04F79EFBC}") = "[C_MM86-易] 公因數問題", "[C_MM86-易] 公因數問題\[C_MM86-易] 公因數問題.csproj", "{C6DD4BBB-AD0A-4C03-9C9C-98FD108B6B69}"
EndProject
Global
	GlobalSection(SolutionConfigurationPlatforms) = preSolution
		Debug|Any CPU = Debug|Any CPU
		Release|Any CPU = Release|Any CPU
	EndGlobalSection
	GlobalSection(ProjectConfigurationPlatforms) = postSolution
		{C6DD4BBB-AD0A-4C03-9C9C-98FD108B6B69}.Debug|Any CPU.ActiveCfg = Debug|Any CPU
		{C6DD4BBB-AD0A-4C03-9C9C-98FD108B6B69}.Debug|Any CPU.Build.0 = Debug|Any CPU
		{C6DD4BBB-AD0A-4C03-9C9C-98FD108B6B69}.Release|Any CPU.ActiveCfg = Release|Any CPU
		{C6DD4BBB-AD0A-4C03-9C9C-98FD108B6B69}.Release|Any CPU.Build.0 = Release|Any CPU
	EndGlobalSection
	GlobalSection(SolutionProperties) = preSolution
		HideSolutionNode = FALSE
	EndGlobalSection
	GlobalSection(ExtensibilityGlobals) = postSolution
		SolutionGuid = {DBA315D5-48A4-4131-8D81-9CAC2224EB0B}
	EndGlobalSection
EndGlobal
