
Microsoft Visual Studio Solution File, Format Version 12.00
# Visual Studio 15
VisualStudioVersion = 15.0.28307.168
MinimumVisualStudioVersion = 10.0.40219.1
Project("{FAE04EC0-301F-11D3-BF4B-00C04F79EFBC}") = "[C_ST15-易] 數字矩形輸出", "[C_ST15-易] 數字矩形輸出\[C_ST15-易] 數字矩形輸出.csproj", "{EDDF0AFE-66D4-4146-9087-FC61759BE8F9}"
EndProject
Global
	GlobalSection(SolutionConfigurationPlatforms) = preSolution
		Debug|Any CPU = Debug|Any CPU
		Release|Any CPU = Release|Any CPU
	EndGlobalSection
	GlobalSection(ProjectConfigurationPlatforms) = postSolution
		{EDDF0AFE-66D4-4146-9087-FC61759BE8F9}.Debug|Any CPU.ActiveCfg = Debug|Any CPU
		{EDDF0AFE-66D4-4146-9087-FC61759BE8F9}.Debug|Any CPU.Build.0 = Debug|Any CPU
		{EDDF0AFE-66D4-4146-9087-FC61759BE8F9}.Release|Any CPU.ActiveCfg = Release|Any CPU
		{EDDF0AFE-66D4-4146-9087-FC61759BE8F9}.Release|Any CPU.Build.0 = Release|Any CPU
	EndGlobalSection
	GlobalSection(SolutionProperties) = preSolution
		HideSolutionNode = FALSE
	EndGlobalSection
	GlobalSection(ExtensibilityGlobals) = postSolution
		SolutionGuid = {03F1960A-9FE9-4558-B4D6-2596FB449F10}
	EndGlobalSection
EndGlobal
