
Microsoft Visual Studio Solution File, Format Version 12.00
# Visual Studio 15
VisualStudioVersion = 15.0.28307.329
MinimumVisualStudioVersion = 10.0.40219.1
Project("{FAE04EC0-301F-11D3-BF4B-00C04F79EFBC}") = "[C_OT64-易] 非全彩的顏色", "[C_OT64-易] 非全彩的顏色\[C_OT64-易] 非全彩的顏色.csproj", "{8B46BB0D-270D-404A-B749-C885C5A92099}"
EndProject
Global
	GlobalSection(SolutionConfigurationPlatforms) = preSolution
		Debug|Any CPU = Debug|Any CPU
		Release|Any CPU = Release|Any CPU
	EndGlobalSection
	GlobalSection(ProjectConfigurationPlatforms) = postSolution
		{8B46BB0D-270D-404A-B749-C885C5A92099}.Debug|Any CPU.ActiveCfg = Debug|Any CPU
		{8B46BB0D-270D-404A-B749-C885C5A92099}.Debug|Any CPU.Build.0 = Debug|Any CPU
		{8B46BB0D-270D-404A-B749-C885C5A92099}.Release|Any CPU.ActiveCfg = Release|Any CPU
		{8B46BB0D-270D-404A-B749-C885C5A92099}.Release|Any CPU.Build.0 = Release|Any CPU
	EndGlobalSection
	GlobalSection(SolutionProperties) = preSolution
		HideSolutionNode = FALSE
	EndGlobalSection
	GlobalSection(ExtensibilityGlobals) = postSolution
		SolutionGuid = {A0303BAC-49ED-4A67-BD99-97CB891FC16B}
	EndGlobalSection
EndGlobal
