
Microsoft Visual Studio Solution File, Format Version 12.00
# Visual Studio 15
VisualStudioVersion = 15.0.28307.168
MinimumVisualStudioVersion = 10.0.40219.1
Project("{FAE04EC0-301F-11D3-BF4B-00C04F79EFBC}") = "[C_MM072-易] 心得報數", "[C_MM072-易] 心得報數\[C_MM072-易] 心得報數.csproj", "{8790E288-CB1E-405D-BF5B-B34A355CA887}"
EndProject
Global
	GlobalSection(SolutionConfigurationPlatforms) = preSolution
		Debug|Any CPU = Debug|Any CPU
		Release|Any CPU = Release|Any CPU
	EndGlobalSection
	GlobalSection(ProjectConfigurationPlatforms) = postSolution
		{8790E288-CB1E-405D-BF5B-B34A355CA887}.Debug|Any CPU.ActiveCfg = Debug|Any CPU
		{8790E288-CB1E-405D-BF5B-B34A355CA887}.Debug|Any CPU.Build.0 = Debug|Any CPU
		{8790E288-CB1E-405D-BF5B-B34A355CA887}.Release|Any CPU.ActiveCfg = Release|Any CPU
		{8790E288-CB1E-405D-BF5B-B34A355CA887}.Release|Any CPU.Build.0 = Release|Any CPU
	EndGlobalSection
	GlobalSection(SolutionProperties) = preSolution
		HideSolutionNode = FALSE
	EndGlobalSection
	GlobalSection(ExtensibilityGlobals) = postSolution
		SolutionGuid = {777B6373-30BC-4E5E-A836-200FA2E7DB8B}
	EndGlobalSection
EndGlobal
