
Microsoft Visual Studio Solution File, Format Version 12.00
# Visual Studio 15
VisualStudioVersion = 15.0.28010.2048
MinimumVisualStudioVersion = 10.0.40219.1
Project("{FAE04EC0-301F-11D3-BF4B-00C04F79EFBC}") = "計算1~N內能被2跟3整除，但不能被12整除的整數總和", "計算1~N內能被2跟3整除，但不能被12整除的整數總和\計算1~N內能被2跟3整除，但不能被12整除的整數總和.csproj", "{B984BDF4-E23D-49BA-A9B6-573C19E348E3}"
EndProject
Global
	GlobalSection(SolutionConfigurationPlatforms) = preSolution
		Debug|Any CPU = Debug|Any CPU
		Release|Any CPU = Release|Any CPU
	EndGlobalSection
	GlobalSection(ProjectConfigurationPlatforms) = postSolution
		{B984BDF4-E23D-49BA-A9B6-573C19E348E3}.Debug|Any CPU.ActiveCfg = Debug|Any CPU
		{B984BDF4-E23D-49BA-A9B6-573C19E348E3}.Debug|Any CPU.Build.0 = Debug|Any CPU
		{B984BDF4-E23D-49BA-A9B6-573C19E348E3}.Release|Any CPU.ActiveCfg = Release|Any CPU
		{B984BDF4-E23D-49BA-A9B6-573C19E348E3}.Release|Any CPU.Build.0 = Release|Any CPU
	EndGlobalSection
	GlobalSection(SolutionProperties) = preSolution
		HideSolutionNode = FALSE
	EndGlobalSection
	GlobalSection(ExtensibilityGlobals) = postSolution
		SolutionGuid = {C35D1705-A4A4-4928-82FA-62600B26D601}
	EndGlobalSection
EndGlobal
