
Microsoft Visual Studio Solution File, Format Version 12.00
# Visual Studio 15
VisualStudioVersion = 15.0.28307.136
MinimumVisualStudioVersion = 10.0.40219.1
Project("{FAE04EC0-301F-11D3-BF4B-00C04F79EFBC}") = "題目16. 子字串出現次數", "題目16. 子字串出現次數\題目16. 子字串出現次數.csproj", "{70F2B4C7-437E-4C55-A5EE-8E99430D1BEC}"
EndProject
Global
	GlobalSection(SolutionConfigurationPlatforms) = preSolution
		Debug|Any CPU = Debug|Any CPU
		Release|Any CPU = Release|Any CPU
	EndGlobalSection
	GlobalSection(ProjectConfigurationPlatforms) = postSolution
		{70F2B4C7-437E-4C55-A5EE-8E99430D1BEC}.Debug|Any CPU.ActiveCfg = Debug|Any CPU
		{70F2B4C7-437E-4C55-A5EE-8E99430D1BEC}.Debug|Any CPU.Build.0 = Debug|Any CPU
		{70F2B4C7-437E-4C55-A5EE-8E99430D1BEC}.Release|Any CPU.ActiveCfg = Release|Any CPU
		{70F2B4C7-437E-4C55-A5EE-8E99430D1BEC}.Release|Any CPU.Build.0 = Release|Any CPU
	EndGlobalSection
	GlobalSection(SolutionProperties) = preSolution
		HideSolutionNode = FALSE
	EndGlobalSection
	GlobalSection(ExtensibilityGlobals) = postSolution
		SolutionGuid = {891F8937-814E-4870-BEA5-78C4327DD54C}
	EndGlobalSection
EndGlobal
