
Microsoft Visual Studio Solution File, Format Version 12.00
# Visual Studio 15
VisualStudioVersion = 15.0.28307.168
MinimumVisualStudioVersion = 10.0.40219.1
Project("{FAE04EC0-301F-11D3-BF4B-00C04F79EFBC}") = "[C_AR36-易] 星座查詢", "[C_AR36-易] 星座查詢\[C_AR36-易] 星座查詢.csproj", "{B74B4FB0-4E6D-4095-9F6C-2B847F4409C6}"
EndProject
Global
	GlobalSection(SolutionConfigurationPlatforms) = preSolution
		Debug|Any CPU = Debug|Any CPU
		Release|Any CPU = Release|Any CPU
	EndGlobalSection
	GlobalSection(ProjectConfigurationPlatforms) = postSolution
		{B74B4FB0-4E6D-4095-9F6C-2B847F4409C6}.Debug|Any CPU.ActiveCfg = Debug|Any CPU
		{B74B4FB0-4E6D-4095-9F6C-2B847F4409C6}.Debug|Any CPU.Build.0 = Debug|Any CPU
		{B74B4FB0-4E6D-4095-9F6C-2B847F4409C6}.Release|Any CPU.ActiveCfg = Release|Any CPU
		{B74B4FB0-4E6D-4095-9F6C-2B847F4409C6}.Release|Any CPU.Build.0 = Release|Any CPU
	EndGlobalSection
	GlobalSection(SolutionProperties) = preSolution
		HideSolutionNode = FALSE
	EndGlobalSection
	GlobalSection(ExtensibilityGlobals) = postSolution
		SolutionGuid = {ED1DC0BD-2603-424D-A6F6-44362AC75455}
	EndGlobalSection
EndGlobal
