
Microsoft Visual Studio Solution File, Format Version 12.00
# Visual Studio 15
VisualStudioVersion = 15.0.28307.168
MinimumVisualStudioVersion = 10.0.40219.1
Project("{FAE04EC0-301F-11D3-BF4B-00C04F79EFBC}") = "[C_AR233-中]二元搜索數列元素位置", "[C_AR233-中]二元搜索數列元素位置\[C_AR233-中]二元搜索數列元素位置.csproj", "{B1F24C8C-85BF-4152-B491-F1AEED40688F}"
EndProject
Global
	GlobalSection(SolutionConfigurationPlatforms) = preSolution
		Debug|Any CPU = Debug|Any CPU
		Release|Any CPU = Release|Any CPU
	EndGlobalSection
	GlobalSection(ProjectConfigurationPlatforms) = postSolution
		{B1F24C8C-85BF-4152-B491-F1AEED40688F}.Debug|Any CPU.ActiveCfg = Debug|Any CPU
		{B1F24C8C-85BF-4152-B491-F1AEED40688F}.Debug|Any CPU.Build.0 = Debug|Any CPU
		{B1F24C8C-85BF-4152-B491-F1AEED40688F}.Release|Any CPU.ActiveCfg = Release|Any CPU
		{B1F24C8C-85BF-4152-B491-F1AEED40688F}.Release|Any CPU.Build.0 = Release|Any CPU
	EndGlobalSection
	GlobalSection(SolutionProperties) = preSolution
		HideSolutionNode = FALSE
	EndGlobalSection
	GlobalSection(ExtensibilityGlobals) = postSolution
		SolutionGuid = {0B273FA2-3F40-4A16-8174-DE539CF9B820}
	EndGlobalSection
EndGlobal
