
Microsoft Visual Studio Solution File, Format Version 12.00
# Visual Studio 15
VisualStudioVersion = 15.0.28307.168
MinimumVisualStudioVersion = 10.0.40219.1
Project("{FAE04EC0-301F-11D3-BF4B-00C04F79EFBC}") = "[C_AR235-中]最大公因數及最小公倍數搜尋", "[C_AR235-中]最大公因數及最小公倍數搜尋\[C_AR235-中]最大公因數及最小公倍數搜尋.csproj", "{FC76DF7C-AFD6-49CB-894A-857133AE08F3}"
EndProject
Global
	GlobalSection(SolutionConfigurationPlatforms) = preSolution
		Debug|Any CPU = Debug|Any CPU
		Release|Any CPU = Release|Any CPU
	EndGlobalSection
	GlobalSection(ProjectConfigurationPlatforms) = postSolution
		{FC76DF7C-AFD6-49CB-894A-857133AE08F3}.Debug|Any CPU.ActiveCfg = Debug|Any CPU
		{FC76DF7C-AFD6-49CB-894A-857133AE08F3}.Debug|Any CPU.Build.0 = Debug|Any CPU
		{FC76DF7C-AFD6-49CB-894A-857133AE08F3}.Release|Any CPU.ActiveCfg = Release|Any CPU
		{FC76DF7C-AFD6-49CB-894A-857133AE08F3}.Release|Any CPU.Build.0 = Release|Any CPU
	EndGlobalSection
	GlobalSection(SolutionProperties) = preSolution
		HideSolutionNode = FALSE
	EndGlobalSection
	GlobalSection(ExtensibilityGlobals) = postSolution
		SolutionGuid = {5D2DC8EF-5F4D-47F4-B3A6-1026BA362C9B}
	EndGlobalSection
EndGlobal
