
Microsoft Visual Studio Solution File, Format Version 12.00
# Visual Studio 15
VisualStudioVersion = 15.0.28307.168
MinimumVisualStudioVersion = 10.0.40219.1
Project("{FAE04EC0-301F-11D3-BF4B-00C04F79EFBC}") = "[AR31-易] Secret Letter", "[AR31-易] Secret Letter\[AR31-易] Secret Letter.csproj", "{6E6029B7-5354-4EAC-955E-F939FBB49BE5}"
EndProject
Global
	GlobalSection(SolutionConfigurationPlatforms) = preSolution
		Debug|Any CPU = Debug|Any CPU
		Release|Any CPU = Release|Any CPU
	EndGlobalSection
	GlobalSection(ProjectConfigurationPlatforms) = postSolution
		{6E6029B7-5354-4EAC-955E-F939FBB49BE5}.Debug|Any CPU.ActiveCfg = Debug|Any CPU
		{6E6029B7-5354-4EAC-955E-F939FBB49BE5}.Debug|Any CPU.Build.0 = Debug|Any CPU
		{6E6029B7-5354-4EAC-955E-F939FBB49BE5}.Release|Any CPU.ActiveCfg = Release|Any CPU
		{6E6029B7-5354-4EAC-955E-F939FBB49BE5}.Release|Any CPU.Build.0 = Release|Any CPU
	EndGlobalSection
	GlobalSection(SolutionProperties) = preSolution
		HideSolutionNode = FALSE
	EndGlobalSection
	GlobalSection(ExtensibilityGlobals) = postSolution
		SolutionGuid = {FE337B24-489A-4F4E-80B2-641CBCEA14CA}
	EndGlobalSection
EndGlobal
