
Microsoft Visual Studio Solution File, Format Version 12.00
# Visual Studio 15
VisualStudioVersion = 15.0.28307.168
MinimumVisualStudioVersion = 10.0.40219.1
Project("{FAE04EC0-301F-11D3-BF4B-00C04F79EFBC}") = "[C_AR148-易] 九宮格賓果遊戲", "[C_AR148-易] 九宮格賓果遊戲\[C_AR148-易] 九宮格賓果遊戲.csproj", "{1A425E94-1CEA-4D32-A065-C527F9326C9F}"
EndProject
Global
	GlobalSection(SolutionConfigurationPlatforms) = preSolution
		Debug|Any CPU = Debug|Any CPU
		Release|Any CPU = Release|Any CPU
	EndGlobalSection
	GlobalSection(ProjectConfigurationPlatforms) = postSolution
		{1A425E94-1CEA-4D32-A065-C527F9326C9F}.Debug|Any CPU.ActiveCfg = Debug|Any CPU
		{1A425E94-1CEA-4D32-A065-C527F9326C9F}.Debug|Any CPU.Build.0 = Debug|Any CPU
		{1A425E94-1CEA-4D32-A065-C527F9326C9F}.Release|Any CPU.ActiveCfg = Release|Any CPU
		{1A425E94-1CEA-4D32-A065-C527F9326C9F}.Release|Any CPU.Build.0 = Release|Any CPU
	EndGlobalSection
	GlobalSection(SolutionProperties) = preSolution
		HideSolutionNode = FALSE
	EndGlobalSection
	GlobalSection(ExtensibilityGlobals) = postSolution
		SolutionGuid = {A4BDFD07-10D1-4A1A-B49B-6600CB859171}
	EndGlobalSection
EndGlobal
