
Microsoft Visual Studio Solution File, Format Version 12.00
# Visual Studio 15
VisualStudioVersion = 15.0.28307.329
MinimumVisualStudioVersion = 10.0.40219.1
Project("{FAE04EC0-301F-11D3-BF4B-00C04F79EFBC}") = "[C_AR66-易] 撲克牌13點", "[C_AR66-易] 撲克牌13點\[C_AR66-易] 撲克牌13點.csproj", "{01906CEF-B644-44F9-A536-A7CC37902076}"
EndProject
Global
	GlobalSection(SolutionConfigurationPlatforms) = preSolution
		Debug|Any CPU = Debug|Any CPU
		Release|Any CPU = Release|Any CPU
	EndGlobalSection
	GlobalSection(ProjectConfigurationPlatforms) = postSolution
		{01906CEF-B644-44F9-A536-A7CC37902076}.Debug|Any CPU.ActiveCfg = Debug|Any CPU
		{01906CEF-B644-44F9-A536-A7CC37902076}.Debug|Any CPU.Build.0 = Debug|Any CPU
		{01906CEF-B644-44F9-A536-A7CC37902076}.Release|Any CPU.ActiveCfg = Release|Any CPU
		{01906CEF-B644-44F9-A536-A7CC37902076}.Release|Any CPU.Build.0 = Release|Any CPU
	EndGlobalSection
	GlobalSection(SolutionProperties) = preSolution
		HideSolutionNode = FALSE
	EndGlobalSection
	GlobalSection(ExtensibilityGlobals) = postSolution
		SolutionGuid = {54028CAF-7D32-4FEE-86CE-05434599F685}
	EndGlobalSection
EndGlobal
