
Microsoft Visual Studio Solution File, Format Version 12.00
# Visual Studio 15
VisualStudioVersion = 15.0.28307.168
MinimumVisualStudioVersion = 10.0.40219.1
Project("{FAE04EC0-301F-11D3-BF4B-00C04F79EFBC}") = "[C_ST25-易] 編碼器", "[C_ST25-易] 編碼器\[C_ST25-易] 編碼器.csproj", "{78F617BE-C9CA-4E18-8453-7E234D3B58FB}"
EndProject
Global
	GlobalSection(SolutionConfigurationPlatforms) = preSolution
		Debug|Any CPU = Debug|Any CPU
		Release|Any CPU = Release|Any CPU
	EndGlobalSection
	GlobalSection(ProjectConfigurationPlatforms) = postSolution
		{78F617BE-C9CA-4E18-8453-7E234D3B58FB}.Debug|Any CPU.ActiveCfg = Debug|Any CPU
		{78F617BE-C9CA-4E18-8453-7E234D3B58FB}.Debug|Any CPU.Build.0 = Debug|Any CPU
		{78F617BE-C9CA-4E18-8453-7E234D3B58FB}.Release|Any CPU.ActiveCfg = Release|Any CPU
		{78F617BE-C9CA-4E18-8453-7E234D3B58FB}.Release|Any CPU.Build.0 = Release|Any CPU
	EndGlobalSection
	GlobalSection(SolutionProperties) = preSolution
		HideSolutionNode = FALSE
	EndGlobalSection
	GlobalSection(ExtensibilityGlobals) = postSolution
		SolutionGuid = {DF618515-8581-410F-834F-629F1F797E42}
	EndGlobalSection
EndGlobal
