
Microsoft Visual Studio Solution File, Format Version 12.00
# Visual Studio 15
VisualStudioVersion = 15.0.28307.168
MinimumVisualStudioVersion = 10.0.40219.1
Project("{FAE04EC0-301F-11D3-BF4B-00C04F79EFBC}") = "Problem 4. 算數移位相加", "Problem 4. 算數移位相加\Problem 4. 算數移位相加.csproj", "{8470A0D2-54CE-4EBF-A0F1-6C771D64C87B}"
EndProject
Global
	GlobalSection(SolutionConfigurationPlatforms) = preSolution
		Debug|Any CPU = Debug|Any CPU
		Release|Any CPU = Release|Any CPU
	EndGlobalSection
	GlobalSection(ProjectConfigurationPlatforms) = postSolution
		{8470A0D2-54CE-4EBF-A0F1-6C771D64C87B}.Debug|Any CPU.ActiveCfg = Debug|Any CPU
		{8470A0D2-54CE-4EBF-A0F1-6C771D64C87B}.Debug|Any CPU.Build.0 = Debug|Any CPU
		{8470A0D2-54CE-4EBF-A0F1-6C771D64C87B}.Release|Any CPU.ActiveCfg = Release|Any CPU
		{8470A0D2-54CE-4EBF-A0F1-6C771D64C87B}.Release|Any CPU.Build.0 = Release|Any CPU
	EndGlobalSection
	GlobalSection(SolutionProperties) = preSolution
		HideSolutionNode = FALSE
	EndGlobalSection
	GlobalSection(ExtensibilityGlobals) = postSolution
		SolutionGuid = {5D1B3881-A9E2-4645-86E5-EEB71E814563}
	EndGlobalSection
EndGlobal
