
Microsoft Visual Studio Solution File, Format Version 12.00
# Visual Studio 15
VisualStudioVersion = 15.0.28010.2048
MinimumVisualStudioVersion = 10.0.40219.1
Project("{FAE04EC0-301F-11D3-BF4B-00C04F79EFBC}") = "判斷基數偶數", "判斷基數偶數\判斷基數偶數.csproj", "{708F0231-1830-489C-A31B-BF0A406D55F3}"
EndProject
Global
	GlobalSection(SolutionConfigurationPlatforms) = preSolution
		Debug|Any CPU = Debug|Any CPU
		Release|Any CPU = Release|Any CPU
	EndGlobalSection
	GlobalSection(ProjectConfigurationPlatforms) = postSolution
		{708F0231-1830-489C-A31B-BF0A406D55F3}.Debug|Any CPU.ActiveCfg = Debug|Any CPU
		{708F0231-1830-489C-A31B-BF0A406D55F3}.Debug|Any CPU.Build.0 = Debug|Any CPU
		{708F0231-1830-489C-A31B-BF0A406D55F3}.Release|Any CPU.ActiveCfg = Release|Any CPU
		{708F0231-1830-489C-A31B-BF0A406D55F3}.Release|Any CPU.Build.0 = Release|Any CPU
	EndGlobalSection
	GlobalSection(SolutionProperties) = preSolution
		HideSolutionNode = FALSE
	EndGlobalSection
	GlobalSection(ExtensibilityGlobals) = postSolution
		SolutionGuid = {FF789375-5B3C-491C-B9D7-116AA426CD37}
	EndGlobalSection
EndGlobal
