
Microsoft Visual Studio Solution File, Format Version 12.00
# Visual Studio 15
VisualStudioVersion = 15.0.28307.168
MinimumVisualStudioVersion = 10.0.40219.1
Project("{FAE04EC0-301F-11D3-BF4B-00C04F79EFBC}") = "[C_MM062-易] 計算數字相乘後末尾0的數量", "[C_MM062-易] 計算數字相乘後末尾0的數量\[C_MM062-易] 計算數字相乘後末尾0的數量.csproj", "{A5F555FE-99D7-48AA-8F09-664F442F7A7F}"
EndProject
Global
	GlobalSection(SolutionConfigurationPlatforms) = preSolution
		Debug|Any CPU = Debug|Any CPU
		Release|Any CPU = Release|Any CPU
	EndGlobalSection
	GlobalSection(ProjectConfigurationPlatforms) = postSolution
		{A5F555FE-99D7-48AA-8F09-664F442F7A7F}.Debug|Any CPU.ActiveCfg = Debug|Any CPU
		{A5F555FE-99D7-48AA-8F09-664F442F7A7F}.Debug|Any CPU.Build.0 = Debug|Any CPU
		{A5F555FE-99D7-48AA-8F09-664F442F7A7F}.Release|Any CPU.ActiveCfg = Release|Any CPU
		{A5F555FE-99D7-48AA-8F09-664F442F7A7F}.Release|Any CPU.Build.0 = Release|Any CPU
	EndGlobalSection
	GlobalSection(SolutionProperties) = preSolution
		HideSolutionNode = FALSE
	EndGlobalSection
	GlobalSection(ExtensibilityGlobals) = postSolution
		SolutionGuid = {5AF24754-8C4B-4EB5-AC3C-4E75D35FE06E}
	EndGlobalSection
EndGlobal
