
Microsoft Visual Studio Solution File, Format Version 12.00
# Visual Studio 15
VisualStudioVersion = 15.0.28307.168
MinimumVisualStudioVersion = 10.0.40219.1
Project("{FAE04EC0-301F-11D3-BF4B-00C04F79EFBC}") = "[AR20-中] Palindorme", "[AR20-中] Palindorme\[AR20-中] Palindorme.csproj", "{59EBFB9C-E081-44AA-8211-16C075BB441C}"
EndProject
Global
	GlobalSection(SolutionConfigurationPlatforms) = preSolution
		Debug|Any CPU = Debug|Any CPU
		Release|Any CPU = Release|Any CPU
	EndGlobalSection
	GlobalSection(ProjectConfigurationPlatforms) = postSolution
		{59EBFB9C-E081-44AA-8211-16C075BB441C}.Debug|Any CPU.ActiveCfg = Debug|Any CPU
		{59EBFB9C-E081-44AA-8211-16C075BB441C}.Debug|Any CPU.Build.0 = Debug|Any CPU
		{59EBFB9C-E081-44AA-8211-16C075BB441C}.Release|Any CPU.ActiveCfg = Release|Any CPU
		{59EBFB9C-E081-44AA-8211-16C075BB441C}.Release|Any CPU.Build.0 = Release|Any CPU
	EndGlobalSection
	GlobalSection(SolutionProperties) = preSolution
		HideSolutionNode = FALSE
	EndGlobalSection
	GlobalSection(ExtensibilityGlobals) = postSolution
		SolutionGuid = {35DC71BD-C98C-4BF2-ADDD-6B332B6BD773}
	EndGlobalSection
EndGlobal
