
Microsoft Visual Studio Solution File, Format Version 12.00
# Visual Studio 15
VisualStudioVersion = 15.0.28307.168
MinimumVisualStudioVersion = 10.0.40219.1
Project("{FAE04EC0-301F-11D3-BF4B-00C04F79EFBC}") = "[AR22-易] Codec", "[AR22-易] Codec\[AR22-易] Codec.csproj", "{4C1F7CBD-01FA-4B1C-976A-507C28E9F48C}"
EndProject
Global
	GlobalSection(SolutionConfigurationPlatforms) = preSolution
		Debug|Any CPU = Debug|Any CPU
		Release|Any CPU = Release|Any CPU
	EndGlobalSection
	GlobalSection(ProjectConfigurationPlatforms) = postSolution
		{4C1F7CBD-01FA-4B1C-976A-507C28E9F48C}.Debug|Any CPU.ActiveCfg = Debug|Any CPU
		{4C1F7CBD-01FA-4B1C-976A-507C28E9F48C}.Debug|Any CPU.Build.0 = Debug|Any CPU
		{4C1F7CBD-01FA-4B1C-976A-507C28E9F48C}.Release|Any CPU.ActiveCfg = Release|Any CPU
		{4C1F7CBD-01FA-4B1C-976A-507C28E9F48C}.Release|Any CPU.Build.0 = Release|Any CPU
	EndGlobalSection
	GlobalSection(SolutionProperties) = preSolution
		HideSolutionNode = FALSE
	EndGlobalSection
	GlobalSection(ExtensibilityGlobals) = postSolution
		SolutionGuid = {83950955-2ACA-460F-B0DB-6EA737A356E3}
	EndGlobalSection
EndGlobal
