
Microsoft Visual Studio Solution File, Format Version 12.00
# Visual Studio 15
VisualStudioVersion = 15.0.28307.168
MinimumVisualStudioVersion = 10.0.40219.1
Project("{FAE04EC0-301F-11D3-BF4B-00C04F79EFBC}") = "[C_ST22-易] 迴文字串 II", "[C_ST22-易] 迴文字串 II\[C_ST22-易] 迴文字串 II.csproj", "{E6B9D1DC-1D03-47B8-A96B-6CE17BFD0375}"
EndProject
Global
	GlobalSection(SolutionConfigurationPlatforms) = preSolution
		Debug|Any CPU = Debug|Any CPU
		Release|Any CPU = Release|Any CPU
	EndGlobalSection
	GlobalSection(ProjectConfigurationPlatforms) = postSolution
		{E6B9D1DC-1D03-47B8-A96B-6CE17BFD0375}.Debug|Any CPU.ActiveCfg = Debug|Any CPU
		{E6B9D1DC-1D03-47B8-A96B-6CE17BFD0375}.Debug|Any CPU.Build.0 = Debug|Any CPU
		{E6B9D1DC-1D03-47B8-A96B-6CE17BFD0375}.Release|Any CPU.ActiveCfg = Release|Any CPU
		{E6B9D1DC-1D03-47B8-A96B-6CE17BFD0375}.Release|Any CPU.Build.0 = Release|Any CPU
	EndGlobalSection
	GlobalSection(SolutionProperties) = preSolution
		HideSolutionNode = FALSE
	EndGlobalSection
	GlobalSection(ExtensibilityGlobals) = postSolution
		SolutionGuid = {E3B9389A-C1EB-45C5-820D-F550CAE007E6}
	EndGlobalSection
EndGlobal
