
Microsoft Visual Studio Solution File, Format Version 12.00
# Visual Studio 15
VisualStudioVersion = 15.0.28307.329
MinimumVisualStudioVersion = 10.0.40219.1
Project("{FAE04EC0-301F-11D3-BF4B-00C04F79EFBC}") = "[SO24-中] Rank student grade", "[SO24-中] Rank student grade\[SO24-中] Rank student grade.csproj", "{EEE577A5-4CCE-48AA-A8C0-A16C748094D4}"
EndProject
Global
	GlobalSection(SolutionConfigurationPlatforms) = preSolution
		Debug|Any CPU = Debug|Any CPU
		Release|Any CPU = Release|Any CPU
	EndGlobalSection
	GlobalSection(ProjectConfigurationPlatforms) = postSolution
		{EEE577A5-4CCE-48AA-A8C0-A16C748094D4}.Debug|Any CPU.ActiveCfg = Debug|Any CPU
		{EEE577A5-4CCE-48AA-A8C0-A16C748094D4}.Debug|Any CPU.Build.0 = Debug|Any CPU
		{EEE577A5-4CCE-48AA-A8C0-A16C748094D4}.Release|Any CPU.ActiveCfg = Release|Any CPU
		{EEE577A5-4CCE-48AA-A8C0-A16C748094D4}.Release|Any CPU.Build.0 = Release|Any CPU
	EndGlobalSection
	GlobalSection(SolutionProperties) = preSolution
		HideSolutionNode = FALSE
	EndGlobalSection
	GlobalSection(ExtensibilityGlobals) = postSolution
		SolutionGuid = {0E90BF44-CC75-4695-9F58-076315973BA3}
	EndGlobalSection
EndGlobal
