
Microsoft Visual Studio Solution File, Format Version 12.00
# Visual Studio 15
VisualStudioVersion = 15.0.28307.329
MinimumVisualStudioVersion = 10.0.40219.1
Project("{FAE04EC0-301F-11D3-BF4B-00C04F79EFBC}") = "Problem 1. 英文斷詞", "Problem 1. 英文斷詞\Problem 1. 英文斷詞.csproj", "{327EB8A3-760D-4185-AB1E-C4553FF4D86D}"
EndProject
Global
	GlobalSection(SolutionConfigurationPlatforms) = preSolution
		Debug|Any CPU = Debug|Any CPU
		Release|Any CPU = Release|Any CPU
	EndGlobalSection
	GlobalSection(ProjectConfigurationPlatforms) = postSolution
		{327EB8A3-760D-4185-AB1E-C4553FF4D86D}.Debug|Any CPU.ActiveCfg = Debug|Any CPU
		{327EB8A3-760D-4185-AB1E-C4553FF4D86D}.Debug|Any CPU.Build.0 = Debug|Any CPU
		{327EB8A3-760D-4185-AB1E-C4553FF4D86D}.Release|Any CPU.ActiveCfg = Release|Any CPU
		{327EB8A3-760D-4185-AB1E-C4553FF4D86D}.Release|Any CPU.Build.0 = Release|Any CPU
	EndGlobalSection
	GlobalSection(SolutionProperties) = preSolution
		HideSolutionNode = FALSE
	EndGlobalSection
	GlobalSection(ExtensibilityGlobals) = postSolution
		SolutionGuid = {72F743B1-5653-4918-BA11-6E906172F47A}
	EndGlobalSection
EndGlobal
