
Microsoft Visual Studio Solution File, Format Version 12.00
# Visual Studio 15
VisualStudioVersion = 15.0.28307.168
MinimumVisualStudioVersion = 10.0.40219.1
Project("{FAE04EC0-301F-11D3-BF4B-00C04F79EFBC}") = "[C_ST39-中] 迴文判別", "[C_ST39-中] 迴文判別\[C_ST39-中] 迴文判別.csproj", "{F5E80B28-1B38-4B2C-8C4E-CA4C0D766E05}"
EndProject
Global
	GlobalSection(SolutionConfigurationPlatforms) = preSolution
		Debug|Any CPU = Debug|Any CPU
		Release|Any CPU = Release|Any CPU
	EndGlobalSection
	GlobalSection(ProjectConfigurationPlatforms) = postSolution
		{F5E80B28-1B38-4B2C-8C4E-CA4C0D766E05}.Debug|Any CPU.ActiveCfg = Debug|Any CPU
		{F5E80B28-1B38-4B2C-8C4E-CA4C0D766E05}.Debug|Any CPU.Build.0 = Debug|Any CPU
		{F5E80B28-1B38-4B2C-8C4E-CA4C0D766E05}.Release|Any CPU.ActiveCfg = Release|Any CPU
		{F5E80B28-1B38-4B2C-8C4E-CA4C0D766E05}.Release|Any CPU.Build.0 = Release|Any CPU
	EndGlobalSection
	GlobalSection(SolutionProperties) = preSolution
		HideSolutionNode = FALSE
	EndGlobalSection
	GlobalSection(ExtensibilityGlobals) = postSolution
		SolutionGuid = {021CB7B6-2AFB-43A8-AA0D-522C0615A9D8}
	EndGlobalSection
EndGlobal
