
Microsoft Visual Studio Solution File, Format Version 12.00
# Visual Studio 15
VisualStudioVersion = 15.0.28307.329
MinimumVisualStudioVersion = 10.0.40219.1
Project("{FAE04EC0-301F-11D3-BF4B-00C04F79EFBC}") = "[C_AR74-中] 學生資料搜尋程式", "[C_AR74-中] 學生資料搜尋程式\[C_AR74-中] 學生資料搜尋程式.csproj", "{B3FA45DF-5083-4339-9AF8-E4DE5E6DAA32}"
EndProject
Global
	GlobalSection(SolutionConfigurationPlatforms) = preSolution
		Debug|Any CPU = Debug|Any CPU
		Release|Any CPU = Release|Any CPU
	EndGlobalSection
	GlobalSection(ProjectConfigurationPlatforms) = postSolution
		{B3FA45DF-5083-4339-9AF8-E4DE5E6DAA32}.Debug|Any CPU.ActiveCfg = Debug|Any CPU
		{B3FA45DF-5083-4339-9AF8-E4DE5E6DAA32}.Debug|Any CPU.Build.0 = Debug|Any CPU
		{B3FA45DF-5083-4339-9AF8-E4DE5E6DAA32}.Release|Any CPU.ActiveCfg = Release|Any CPU
		{B3FA45DF-5083-4339-9AF8-E4DE5E6DAA32}.Release|Any CPU.Build.0 = Release|Any CPU
	EndGlobalSection
	GlobalSection(SolutionProperties) = preSolution
		HideSolutionNode = FALSE
	EndGlobalSection
	GlobalSection(ExtensibilityGlobals) = postSolution
		SolutionGuid = {26273A95-3836-4902-8BC7-6EB1FD7D19D8}
	EndGlobalSection
EndGlobal
