
Microsoft Visual Studio Solution File, Format Version 12.00
# Visual Studio 15
VisualStudioVersion = 15.0.28307.168
MinimumVisualStudioVersion = 10.0.40219.1
Project("{FAE04EC0-301F-11D3-BF4B-00C04F79EFBC}") = "[C_ST49-易] 字串取代", "[C_ST49-易] 字串取代\[C_ST49-易] 字串取代.csproj", "{04BE2B96-B609-478E-AFCF-49CED4561BAC}"
EndProject
Global
	GlobalSection(SolutionConfigurationPlatforms) = preSolution
		Debug|Any CPU = Debug|Any CPU
		Release|Any CPU = Release|Any CPU
	EndGlobalSection
	GlobalSection(ProjectConfigurationPlatforms) = postSolution
		{04BE2B96-B609-478E-AFCF-49CED4561BAC}.Debug|Any CPU.ActiveCfg = Debug|Any CPU
		{04BE2B96-B609-478E-AFCF-49CED4561BAC}.Debug|Any CPU.Build.0 = Debug|Any CPU
		{04BE2B96-B609-478E-AFCF-49CED4561BAC}.Release|Any CPU.ActiveCfg = Release|Any CPU
		{04BE2B96-B609-478E-AFCF-49CED4561BAC}.Release|Any CPU.Build.0 = Release|Any CPU
	EndGlobalSection
	GlobalSection(SolutionProperties) = preSolution
		HideSolutionNode = FALSE
	EndGlobalSection
	GlobalSection(ExtensibilityGlobals) = postSolution
		SolutionGuid = {CC2ACB59-BD62-4EB2-B118-AF28B636C824}
	EndGlobalSection
EndGlobal
