
Microsoft Visual Studio Solution File, Format Version 12.00
# Visual Studio 15
VisualStudioVersion = 15.0.28307.136
MinimumVisualStudioVersion = 10.0.40219.1
Project("{FAE04EC0-301F-11D3-BF4B-00C04F79EFBC}") = "題目13. 撲克牌大小", "題目13. 撲克牌大小\題目13. 撲克牌大小.csproj", "{CAF513C2-8D3E-4CB1-A0F2-FE52EAE6CD43}"
EndProject
Global
	GlobalSection(SolutionConfigurationPlatforms) = preSolution
		Debug|Any CPU = Debug|Any CPU
		Release|Any CPU = Release|Any CPU
	EndGlobalSection
	GlobalSection(ProjectConfigurationPlatforms) = postSolution
		{CAF513C2-8D3E-4CB1-A0F2-FE52EAE6CD43}.Debug|Any CPU.ActiveCfg = Debug|Any CPU
		{CAF513C2-8D3E-4CB1-A0F2-FE52EAE6CD43}.Debug|Any CPU.Build.0 = Debug|Any CPU
		{CAF513C2-8D3E-4CB1-A0F2-FE52EAE6CD43}.Release|Any CPU.ActiveCfg = Release|Any CPU
		{CAF513C2-8D3E-4CB1-A0F2-FE52EAE6CD43}.Release|Any CPU.Build.0 = Release|Any CPU
	EndGlobalSection
	GlobalSection(SolutionProperties) = preSolution
		HideSolutionNode = FALSE
	EndGlobalSection
	GlobalSection(ExtensibilityGlobals) = postSolution
		SolutionGuid = {A05B86E6-765E-42FE-89DC-619708726FA4}
	EndGlobalSection
EndGlobal
