
Microsoft Visual Studio Solution File, Format Version 12.00
# Visual Studio 15
VisualStudioVersion = 15.0.28307.168
MinimumVisualStudioVersion = 10.0.40219.1
Project("{FAE04EC0-301F-11D3-BF4B-00C04F79EFBC}") = "[C_AR33-易] 轉置矩陣", "[C_AR33-易] 轉置矩陣\[C_AR33-易] 轉置矩陣.csproj", "{905A92C6-B556-4D99-AA9C-D72316DC4738}"
EndProject
Global
	GlobalSection(SolutionConfigurationPlatforms) = preSolution
		Debug|Any CPU = Debug|Any CPU
		Release|Any CPU = Release|Any CPU
	EndGlobalSection
	GlobalSection(ProjectConfigurationPlatforms) = postSolution
		{905A92C6-B556-4D99-AA9C-D72316DC4738}.Debug|Any CPU.ActiveCfg = Debug|Any CPU
		{905A92C6-B556-4D99-AA9C-D72316DC4738}.Debug|Any CPU.Build.0 = Debug|Any CPU
		{905A92C6-B556-4D99-AA9C-D72316DC4738}.Release|Any CPU.ActiveCfg = Release|Any CPU
		{905A92C6-B556-4D99-AA9C-D72316DC4738}.Release|Any CPU.Build.0 = Release|Any CPU
	EndGlobalSection
	GlobalSection(SolutionProperties) = preSolution
		HideSolutionNode = FALSE
	EndGlobalSection
	GlobalSection(ExtensibilityGlobals) = postSolution
		SolutionGuid = {ECCF066F-3427-4C19-9C5C-26A1DC14BC1C}
	EndGlobalSection
EndGlobal
