
Microsoft Visual Studio Solution File, Format Version 12.00
# Visual Studio 15
VisualStudioVersion = 15.0.28307.168
MinimumVisualStudioVersion = 10.0.40219.1
Project("{FAE04EC0-301F-11D3-BF4B-00C04F79EFBC}") = "題目39. 考試測驗", "題目39. 考試測驗\題目39. 考試測驗.csproj", "{F4F2AAB2-A5FF-4A6A-8407-B519D4C5FFF3}"
EndProject
Global
	GlobalSection(SolutionConfigurationPlatforms) = preSolution
		Debug|Any CPU = Debug|Any CPU
		Release|Any CPU = Release|Any CPU
	EndGlobalSection
	GlobalSection(ProjectConfigurationPlatforms) = postSolution
		{F4F2AAB2-A5FF-4A6A-8407-B519D4C5FFF3}.Debug|Any CPU.ActiveCfg = Debug|Any CPU
		{F4F2AAB2-A5FF-4A6A-8407-B519D4C5FFF3}.Debug|Any CPU.Build.0 = Debug|Any CPU
		{F4F2AAB2-A5FF-4A6A-8407-B519D4C5FFF3}.Release|Any CPU.ActiveCfg = Release|Any CPU
		{F4F2AAB2-A5FF-4A6A-8407-B519D4C5FFF3}.Release|Any CPU.Build.0 = Release|Any CPU
	EndGlobalSection
	GlobalSection(SolutionProperties) = preSolution
		HideSolutionNode = FALSE
	EndGlobalSection
	GlobalSection(ExtensibilityGlobals) = postSolution
		SolutionGuid = {6540507D-7738-4561-966A-3EB1E35C84A9}
	EndGlobalSection
EndGlobal
