
Microsoft Visual Studio Solution File, Format Version 12.00
# Visual Studio 15
VisualStudioVersion = 15.0.28307.168
MinimumVisualStudioVersion = 10.0.40219.1
Project("{FAE04EC0-301F-11D3-BF4B-00C04F79EFBC}") = "[C_AR151-易] 井字遊戲判斷", "[C_AR151-易] 井字遊戲判斷\[C_AR151-易] 井字遊戲判斷.csproj", "{96D935F5-FF02-4623-98EF-0E633006B2F7}"
EndProject
Global
	GlobalSection(SolutionConfigurationPlatforms) = preSolution
		Debug|Any CPU = Debug|Any CPU
		Release|Any CPU = Release|Any CPU
	EndGlobalSection
	GlobalSection(ProjectConfigurationPlatforms) = postSolution
		{96D935F5-FF02-4623-98EF-0E633006B2F7}.Debug|Any CPU.ActiveCfg = Debug|Any CPU
		{96D935F5-FF02-4623-98EF-0E633006B2F7}.Debug|Any CPU.Build.0 = Debug|Any CPU
		{96D935F5-FF02-4623-98EF-0E633006B2F7}.Release|Any CPU.ActiveCfg = Release|Any CPU
		{96D935F5-FF02-4623-98EF-0E633006B2F7}.Release|Any CPU.Build.0 = Release|Any CPU
	EndGlobalSection
	GlobalSection(SolutionProperties) = preSolution
		HideSolutionNode = FALSE
	EndGlobalSection
	GlobalSection(ExtensibilityGlobals) = postSolution
		SolutionGuid = {BDDBA17C-B6A6-418B-9CE1-21B00762E926}
	EndGlobalSection
EndGlobal
