
Microsoft Visual Studio Solution File, Format Version 12.00
# Visual Studio 15
VisualStudioVersion = 15.0.28307.168
MinimumVisualStudioVersion = 10.0.40219.1
Project("{FAE04EC0-301F-11D3-BF4B-00C04F79EFBC}") = "[C_AR81-易] 求Array元素最大值的和", "[C_AR81-易] 求Array元素最大值的和\[C_AR81-易] 求Array元素最大值的和.csproj", "{D339B2AB-7B54-4D33-B200-9DED63134DB2}"
EndProject
Global
	GlobalSection(SolutionConfigurationPlatforms) = preSolution
		Debug|Any CPU = Debug|Any CPU
		Release|Any CPU = Release|Any CPU
	EndGlobalSection
	GlobalSection(ProjectConfigurationPlatforms) = postSolution
		{D339B2AB-7B54-4D33-B200-9DED63134DB2}.Debug|Any CPU.ActiveCfg = Debug|Any CPU
		{D339B2AB-7B54-4D33-B200-9DED63134DB2}.Debug|Any CPU.Build.0 = Debug|Any CPU
		{D339B2AB-7B54-4D33-B200-9DED63134DB2}.Release|Any CPU.ActiveCfg = Release|Any CPU
		{D339B2AB-7B54-4D33-B200-9DED63134DB2}.Release|Any CPU.Build.0 = Release|Any CPU
	EndGlobalSection
	GlobalSection(SolutionProperties) = preSolution
		HideSolutionNode = FALSE
	EndGlobalSection
	GlobalSection(ExtensibilityGlobals) = postSolution
		SolutionGuid = {263263B0-5AB0-48B7-889B-E5C7869DAAC4}
	EndGlobalSection
EndGlobal
