
Microsoft Visual Studio Solution File, Format Version 12.00
# Visual Studio 15
VisualStudioVersion = 15.0.28010.2048
MinimumVisualStudioVersion = 10.0.40219.1
Project("{FAE04EC0-301F-11D3-BF4B-00C04F79EFBC}") = "因數問題", "因數問題\因數問題.csproj", "{89E68A42-1B07-4C55-BF6A-35BF0F8858C7}"
EndProject
Global
	GlobalSection(SolutionConfigurationPlatforms) = preSolution
		Debug|Any CPU = Debug|Any CPU
		Release|Any CPU = Release|Any CPU
	EndGlobalSection
	GlobalSection(ProjectConfigurationPlatforms) = postSolution
		{89E68A42-1B07-4C55-BF6A-35BF0F8858C7}.Debug|Any CPU.ActiveCfg = Debug|Any CPU
		{89E68A42-1B07-4C55-BF6A-35BF0F8858C7}.Debug|Any CPU.Build.0 = Debug|Any CPU
		{89E68A42-1B07-4C55-BF6A-35BF0F8858C7}.Release|Any CPU.ActiveCfg = Release|Any CPU
		{89E68A42-1B07-4C55-BF6A-35BF0F8858C7}.Release|Any CPU.Build.0 = Release|Any CPU
	EndGlobalSection
	GlobalSection(SolutionProperties) = preSolution
		HideSolutionNode = FALSE
	EndGlobalSection
	GlobalSection(ExtensibilityGlobals) = postSolution
		SolutionGuid = {F0F831DB-958A-464B-8E32-62154FAAD836}
	EndGlobalSection
EndGlobal
