
Microsoft Visual Studio Solution File, Format Version 12.00
# Visual Studio 15
VisualStudioVersion = 15.0.28307.136
MinimumVisualStudioVersion = 10.0.40219.1
Project("{FAE04EC0-301F-11D3-BF4B-00C04F79EFBC}") = "求組合數C(n,r)", "求組合數C(n,r)\求組合數C(n,r).csproj", "{0A46C2CE-C76D-4973-8950-EA49E6654918}"
EndProject
Global
	GlobalSection(SolutionConfigurationPlatforms) = preSolution
		Debug|Any CPU = Debug|Any CPU
		Release|Any CPU = Release|Any CPU
	EndGlobalSection
	GlobalSection(ProjectConfigurationPlatforms) = postSolution
		{0A46C2CE-C76D-4973-8950-EA49E6654918}.Debug|Any CPU.ActiveCfg = Debug|Any CPU
		{0A46C2CE-C76D-4973-8950-EA49E6654918}.Debug|Any CPU.Build.0 = Debug|Any CPU
		{0A46C2CE-C76D-4973-8950-EA49E6654918}.Release|Any CPU.ActiveCfg = Release|Any CPU
		{0A46C2CE-C76D-4973-8950-EA49E6654918}.Release|Any CPU.Build.0 = Release|Any CPU
	EndGlobalSection
	GlobalSection(SolutionProperties) = preSolution
		HideSolutionNode = FALSE
	EndGlobalSection
	GlobalSection(ExtensibilityGlobals) = postSolution
		SolutionGuid = {A0524E89-A308-4038-9D3C-72CF5215C454}
	EndGlobalSection
EndGlobal
