
Microsoft Visual Studio Solution File, Format Version 12.00
# Visual Studio 15
VisualStudioVersion = 15.0.28307.168
MinimumVisualStudioVersion = 10.0.40219.1
Project("{FAE04EC0-301F-11D3-BF4B-00C04F79EFBC}") = "[C_AR171-易] 矩陣旋轉", "[C_AR171-易] 矩陣旋轉\[C_AR171-易] 矩陣旋轉.csproj", "{A1B96550-2FC5-4D54-958F-A4206196DF6F}"
EndProject
Global
	GlobalSection(SolutionConfigurationPlatforms) = preSolution
		Debug|Any CPU = Debug|Any CPU
		Release|Any CPU = Release|Any CPU
	EndGlobalSection
	GlobalSection(ProjectConfigurationPlatforms) = postSolution
		{A1B96550-2FC5-4D54-958F-A4206196DF6F}.Debug|Any CPU.ActiveCfg = Debug|Any CPU
		{A1B96550-2FC5-4D54-958F-A4206196DF6F}.Debug|Any CPU.Build.0 = Debug|Any CPU
		{A1B96550-2FC5-4D54-958F-A4206196DF6F}.Release|Any CPU.ActiveCfg = Release|Any CPU
		{A1B96550-2FC5-4D54-958F-A4206196DF6F}.Release|Any CPU.Build.0 = Release|Any CPU
	EndGlobalSection
	GlobalSection(SolutionProperties) = preSolution
		HideSolutionNode = FALSE
	EndGlobalSection
	GlobalSection(ExtensibilityGlobals) = postSolution
		SolutionGuid = {0ECC19B6-7B46-452F-8075-B82DE0002D0B}
	EndGlobalSection
EndGlobal
