
Microsoft Visual Studio Solution File, Format Version 12.00
# Visual Studio 15
VisualStudioVersion = 15.0.28307.136
MinimumVisualStudioVersion = 10.0.40219.1
Project("{FAE04EC0-301F-11D3-BF4B-00C04F79EFBC}") = "[C_MM078-易] 完美數", "[C_MM078-易] 完美數\[C_MM078-易] 完美數.csproj", "{3A79C400-7F69-49AF-B19D-F2D657892C7C}"
EndProject
Global
	GlobalSection(SolutionConfigurationPlatforms) = preSolution
		Debug|Any CPU = Debug|Any CPU
		Release|Any CPU = Release|Any CPU
	EndGlobalSection
	GlobalSection(ProjectConfigurationPlatforms) = postSolution
		{3A79C400-7F69-49AF-B19D-F2D657892C7C}.Debug|Any CPU.ActiveCfg = Debug|Any CPU
		{3A79C400-7F69-49AF-B19D-F2D657892C7C}.Debug|Any CPU.Build.0 = Debug|Any CPU
		{3A79C400-7F69-49AF-B19D-F2D657892C7C}.Release|Any CPU.ActiveCfg = Release|Any CPU
		{3A79C400-7F69-49AF-B19D-F2D657892C7C}.Release|Any CPU.Build.0 = Release|Any CPU
	EndGlobalSection
	GlobalSection(SolutionProperties) = preSolution
		HideSolutionNode = FALSE
	EndGlobalSection
	GlobalSection(ExtensibilityGlobals) = postSolution
		SolutionGuid = {473B244B-21DB-49D3-B44B-449DBB501507}
	EndGlobalSection
EndGlobal
