
Microsoft Visual Studio Solution File, Format Version 12.00
# Visual Studio 15
VisualStudioVersion = 15.0.28307.168
MinimumVisualStudioVersion = 10.0.40219.1
Project("{FAE04EC0-301F-11D3-BF4B-00C04F79EFBC}") = "[C_ST30-中] 尋找並取代字", "[C_ST30-中] 尋找並取代字\[C_ST30-中] 尋找並取代字.csproj", "{5F17EDB4-4C2E-4D03-AAD9-D00190D07EEB}"
EndProject
Global
	GlobalSection(SolutionConfigurationPlatforms) = preSolution
		Debug|Any CPU = Debug|Any CPU
		Release|Any CPU = Release|Any CPU
	EndGlobalSection
	GlobalSection(ProjectConfigurationPlatforms) = postSolution
		{5F17EDB4-4C2E-4D03-AAD9-D00190D07EEB}.Debug|Any CPU.ActiveCfg = Debug|Any CPU
		{5F17EDB4-4C2E-4D03-AAD9-D00190D07EEB}.Debug|Any CPU.Build.0 = Debug|Any CPU
		{5F17EDB4-4C2E-4D03-AAD9-D00190D07EEB}.Release|Any CPU.ActiveCfg = Release|Any CPU
		{5F17EDB4-4C2E-4D03-AAD9-D00190D07EEB}.Release|Any CPU.Build.0 = Release|Any CPU
	EndGlobalSection
	GlobalSection(SolutionProperties) = preSolution
		HideSolutionNode = FALSE
	EndGlobalSection
	GlobalSection(ExtensibilityGlobals) = postSolution
		SolutionGuid = {ADBB7E05-AA88-43F4-9F3F-D925C0464CA3}
	EndGlobalSection
EndGlobal
