
Microsoft Visual Studio Solution File, Format Version 12.00
# Visual Studio 15
VisualStudioVersion = 15.0.28307.329
MinimumVisualStudioVersion = 10.0.40219.1
Project("{FAE04EC0-301F-11D3-BF4B-00C04F79EFBC}") = "[C_BT17-難] 最長共同子字串", "[C_BT17-難] 最長共同子字串\[C_BT17-難] 最長共同子字串.csproj", "{49D88A91-7A94-48F7-8E96-CE3239B8C600}"
EndProject
Global
	GlobalSection(SolutionConfigurationPlatforms) = preSolution
		Debug|Any CPU = Debug|Any CPU
		Release|Any CPU = Release|Any CPU
	EndGlobalSection
	GlobalSection(ProjectConfigurationPlatforms) = postSolution
		{49D88A91-7A94-48F7-8E96-CE3239B8C600}.Debug|Any CPU.ActiveCfg = Debug|Any CPU
		{49D88A91-7A94-48F7-8E96-CE3239B8C600}.Debug|Any CPU.Build.0 = Debug|Any CPU
		{49D88A91-7A94-48F7-8E96-CE3239B8C600}.Release|Any CPU.ActiveCfg = Release|Any CPU
		{49D88A91-7A94-48F7-8E96-CE3239B8C600}.Release|Any CPU.Build.0 = Release|Any CPU
	EndGlobalSection
	GlobalSection(SolutionProperties) = preSolution
		HideSolutionNode = FALSE
	EndGlobalSection
	GlobalSection(ExtensibilityGlobals) = postSolution
		SolutionGuid = {323434F4-F06F-4201-B070-0C56250F2E99}
	EndGlobalSection
EndGlobal
