
Microsoft Visual Studio Solution File, Format Version 12.00
# Visual Studio 15
VisualStudioVersion = 15.0.28307.106
MinimumVisualStudioVersion = 10.0.40219.1
Project("{FAE04EC0-301F-11D3-BF4B-00C04F79EFBC}") = "糖果紙兌換", "糖果紙兌換\糖果紙兌換.csproj", "{F7FFE8B1-2BAF-4BE9-80DC-303274D3EB61}"
EndProject
Global
	GlobalSection(SolutionConfigurationPlatforms) = preSolution
		Debug|Any CPU = Debug|Any CPU
		Release|Any CPU = Release|Any CPU
	EndGlobalSection
	GlobalSection(ProjectConfigurationPlatforms) = postSolution
		{F7FFE8B1-2BAF-4BE9-80DC-303274D3EB61}.Debug|Any CPU.ActiveCfg = Debug|Any CPU
		{F7FFE8B1-2BAF-4BE9-80DC-303274D3EB61}.Debug|Any CPU.Build.0 = Debug|Any CPU
		{F7FFE8B1-2BAF-4BE9-80DC-303274D3EB61}.Release|Any CPU.ActiveCfg = Release|Any CPU
		{F7FFE8B1-2BAF-4BE9-80DC-303274D3EB61}.Release|Any CPU.Build.0 = Release|Any CPU
	EndGlobalSection
	GlobalSection(SolutionProperties) = preSolution
		HideSolutionNode = FALSE
	EndGlobalSection
	GlobalSection(ExtensibilityGlobals) = postSolution
		SolutionGuid = {16E6E920-65D5-4771-8453-C497AE4FA3E9}
	EndGlobalSection
EndGlobal
