
Microsoft Visual Studio Solution File, Format Version 12.00
# Visual Studio 15
VisualStudioVersion = 15.0.28307.106
MinimumVisualStudioVersion = 10.0.40219.1
Project("{FAE04EC0-301F-11D3-BF4B-00C04F79EFBC}") = "[C_AR77-易] 二維陣列反轉", "[C_AR77-易] 二維陣列反轉\[C_AR77-易] 二維陣列反轉.csproj", "{ADACA5CE-9B4E-41C8-A10C-BA1B40A3B142}"
EndProject
Global
	GlobalSection(SolutionConfigurationPlatforms) = preSolution
		Debug|Any CPU = Debug|Any CPU
		Release|Any CPU = Release|Any CPU
	EndGlobalSection
	GlobalSection(ProjectConfigurationPlatforms) = postSolution
		{ADACA5CE-9B4E-41C8-A10C-BA1B40A3B142}.Debug|Any CPU.ActiveCfg = Debug|Any CPU
		{ADACA5CE-9B4E-41C8-A10C-BA1B40A3B142}.Debug|Any CPU.Build.0 = Debug|Any CPU
		{ADACA5CE-9B4E-41C8-A10C-BA1B40A3B142}.Release|Any CPU.ActiveCfg = Release|Any CPU
		{ADACA5CE-9B4E-41C8-A10C-BA1B40A3B142}.Release|Any CPU.Build.0 = Release|Any CPU
	EndGlobalSection
	GlobalSection(SolutionProperties) = preSolution
		HideSolutionNode = FALSE
	EndGlobalSection
	GlobalSection(ExtensibilityGlobals) = postSolution
		SolutionGuid = {03807699-B360-4949-8FCF-A82398E264B5}
	EndGlobalSection
EndGlobal
