
Microsoft Visual Studio Solution File, Format Version 12.00
# Visual Studio Version 16
VisualStudioVersion = 16.0.28803.452
MinimumVisualStudioVersion = 10.0.40219.1
Project("{FAE04EC0-301F-11D3-BF4B-00C04F79EFBC}") = "[AR50-中] Calculate odd magic square", "[AR50-中] Calculate odd magic square\[AR50-中] Calculate odd magic square.csproj", "{D0779BAE-0BE4-405A-A91E-A65AF4087F3C}"
EndProject
Global
	GlobalSection(SolutionConfigurationPlatforms) = preSolution
		Debug|Any CPU = Debug|Any CPU
		Release|Any CPU = Release|Any CPU
	EndGlobalSection
	GlobalSection(ProjectConfigurationPlatforms) = postSolution
		{D0779BAE-0BE4-405A-A91E-A65AF4087F3C}.Debug|Any CPU.ActiveCfg = Debug|Any CPU
		{D0779BAE-0BE4-405A-A91E-A65AF4087F3C}.Debug|Any CPU.Build.0 = Debug|Any CPU
		{D0779BAE-0BE4-405A-A91E-A65AF4087F3C}.Release|Any CPU.ActiveCfg = Release|Any CPU
		{D0779BAE-0BE4-405A-A91E-A65AF4087F3C}.Release|Any CPU.Build.0 = Release|Any CPU
	EndGlobalSection
	GlobalSection(SolutionProperties) = preSolution
		HideSolutionNode = FALSE
	EndGlobalSection
	GlobalSection(ExtensibilityGlobals) = postSolution
		SolutionGuid = {ECDAD78D-26D8-4E2D-970C-C058DD781774}
	EndGlobalSection
EndGlobal
