
Microsoft Visual Studio Solution File, Format Version 12.00
# Visual Studio 15
VisualStudioVersion = 15.0.28010.2046
MinimumVisualStudioVersion = 10.0.40219.1
Project("{FAE04EC0-301F-11D3-BF4B-00C04F79EFBC}") = "計算總和、乘積、差、商和餘數", "計算總和、乘積、差、商和餘數\計算總和、乘積、差、商和餘數.csproj", "{ED84A39A-71B3-42F3-B316-7544D482C334}"
EndProject
Global
	GlobalSection(SolutionConfigurationPlatforms) = preSolution
		Debug|Any CPU = Debug|Any CPU
		Release|Any CPU = Release|Any CPU
	EndGlobalSection
	GlobalSection(ProjectConfigurationPlatforms) = postSolution
		{ED84A39A-71B3-42F3-B316-7544D482C334}.Debug|Any CPU.ActiveCfg = Debug|Any CPU
		{ED84A39A-71B3-42F3-B316-7544D482C334}.Debug|Any CPU.Build.0 = Debug|Any CPU
		{ED84A39A-71B3-42F3-B316-7544D482C334}.Release|Any CPU.ActiveCfg = Release|Any CPU
		{ED84A39A-71B3-42F3-B316-7544D482C334}.Release|Any CPU.Build.0 = Release|Any CPU
	EndGlobalSection
	GlobalSection(SolutionProperties) = preSolution
		HideSolutionNode = FALSE
	EndGlobalSection
	GlobalSection(ExtensibilityGlobals) = postSolution
		SolutionGuid = {62413045-20E7-42B6-A2E5-DAB55EBB533C}
	EndGlobalSection
EndGlobal
