
Microsoft Visual Studio Solution File, Format Version 12.00
# Visual Studio 15
VisualStudioVersion = 15.0.28307.136
MinimumVisualStudioVersion = 10.0.40219.1
Project("{FAE04EC0-301F-11D3-BF4B-00C04F79EFBC}") = "題目17. 英文斷詞", "題目17. 英文斷詞\題目17. 英文斷詞.csproj", "{3EED0CB0-DBD9-44D5-8C77-EE35E90EF355}"
EndProject
Global
	GlobalSection(SolutionConfigurationPlatforms) = preSolution
		Debug|Any CPU = Debug|Any CPU
		Release|Any CPU = Release|Any CPU
	EndGlobalSection
	GlobalSection(ProjectConfigurationPlatforms) = postSolution
		{3EED0CB0-DBD9-44D5-8C77-EE35E90EF355}.Debug|Any CPU.ActiveCfg = Debug|Any CPU
		{3EED0CB0-DBD9-44D5-8C77-EE35E90EF355}.Debug|Any CPU.Build.0 = Debug|Any CPU
		{3EED0CB0-DBD9-44D5-8C77-EE35E90EF355}.Release|Any CPU.ActiveCfg = Release|Any CPU
		{3EED0CB0-DBD9-44D5-8C77-EE35E90EF355}.Release|Any CPU.Build.0 = Release|Any CPU
	EndGlobalSection
	GlobalSection(SolutionProperties) = preSolution
		HideSolutionNode = FALSE
	EndGlobalSection
	GlobalSection(ExtensibilityGlobals) = postSolution
		SolutionGuid = {F69D9486-1B6F-44F9-BDBF-EF4B08813AA8}
	EndGlobalSection
EndGlobal
