
Microsoft Visual Studio Solution File, Format Version 12.00
# Visual Studio 15
VisualStudioVersion = 15.0.28307.106
MinimumVisualStudioVersion = 10.0.40219.1
Project("{FAE04EC0-301F-11D3-BF4B-00C04F79EFBC}") = "費式數列", "費式數列\費式數列.csproj", "{D4D6F418-D67E-4DE2-965A-A9CEDF3E8FF4}"
EndProject
Global
	GlobalSection(SolutionConfigurationPlatforms) = preSolution
		Debug|Any CPU = Debug|Any CPU
		Release|Any CPU = Release|Any CPU
	EndGlobalSection
	GlobalSection(ProjectConfigurationPlatforms) = postSolution
		{D4D6F418-D67E-4DE2-965A-A9CEDF3E8FF4}.Debug|Any CPU.ActiveCfg = Debug|Any CPU
		{D4D6F418-D67E-4DE2-965A-A9CEDF3E8FF4}.Debug|Any CPU.Build.0 = Debug|Any CPU
		{D4D6F418-D67E-4DE2-965A-A9CEDF3E8FF4}.Release|Any CPU.ActiveCfg = Release|Any CPU
		{D4D6F418-D67E-4DE2-965A-A9CEDF3E8FF4}.Release|Any CPU.Build.0 = Release|Any CPU
	EndGlobalSection
	GlobalSection(SolutionProperties) = preSolution
		HideSolutionNode = FALSE
	EndGlobalSection
	GlobalSection(ExtensibilityGlobals) = postSolution
		SolutionGuid = {A3D0D5C8-F9CE-40BB-858A-8FA0D052B7D6}
	EndGlobalSection
EndGlobal
