
Microsoft Visual Studio Solution File, Format Version 12.00
# Visual Studio 15
VisualStudioVersion = 15.0.28307.329
MinimumVisualStudioVersion = 10.0.40219.1
Project("{FAE04EC0-301F-11D3-BF4B-00C04F79EFBC}") = "[C_MM169-中] 計數排序", "[C_MM169-中] 計數排序\[C_MM169-中] 計數排序.csproj", "{96E21009-1AC3-476B-A557-ABA4CFE5A7E7}"
EndProject
Global
	GlobalSection(SolutionConfigurationPlatforms) = preSolution
		Debug|Any CPU = Debug|Any CPU
		Release|Any CPU = Release|Any CPU
	EndGlobalSection
	GlobalSection(ProjectConfigurationPlatforms) = postSolution
		{96E21009-1AC3-476B-A557-ABA4CFE5A7E7}.Debug|Any CPU.ActiveCfg = Debug|Any CPU
		{96E21009-1AC3-476B-A557-ABA4CFE5A7E7}.Debug|Any CPU.Build.0 = Debug|Any CPU
		{96E21009-1AC3-476B-A557-ABA4CFE5A7E7}.Release|Any CPU.ActiveCfg = Release|Any CPU
		{96E21009-1AC3-476B-A557-ABA4CFE5A7E7}.Release|Any CPU.Build.0 = Release|Any CPU
	EndGlobalSection
	GlobalSection(SolutionProperties) = preSolution
		HideSolutionNode = FALSE
	EndGlobalSection
	GlobalSection(ExtensibilityGlobals) = postSolution
		SolutionGuid = {A055FBB6-8999-43F0-84D5-A48020068C93}
	EndGlobalSection
EndGlobal
