
Microsoft Visual Studio Solution File, Format Version 12.00
# Visual Studio 15
VisualStudioVersion = 15.0.28307.168
MinimumVisualStudioVersion = 10.0.40219.1
Project("{FAE04EC0-301F-11D3-BF4B-00C04F79EFBC}") = "[C_ST02-易] 迴文字串", "[C_ST02-易] 迴文字串\[C_ST02-易] 迴文字串.csproj", "{152EDA4A-D70C-4902-B55E-8A4F52C2117F}"
EndProject
Global
	GlobalSection(SolutionConfigurationPlatforms) = preSolution
		Debug|Any CPU = Debug|Any CPU
		Release|Any CPU = Release|Any CPU
	EndGlobalSection
	GlobalSection(ProjectConfigurationPlatforms) = postSolution
		{152EDA4A-D70C-4902-B55E-8A4F52C2117F}.Debug|Any CPU.ActiveCfg = Debug|Any CPU
		{152EDA4A-D70C-4902-B55E-8A4F52C2117F}.Debug|Any CPU.Build.0 = Debug|Any CPU
		{152EDA4A-D70C-4902-B55E-8A4F52C2117F}.Release|Any CPU.ActiveCfg = Release|Any CPU
		{152EDA4A-D70C-4902-B55E-8A4F52C2117F}.Release|Any CPU.Build.0 = Release|Any CPU
	EndGlobalSection
	GlobalSection(SolutionProperties) = preSolution
		HideSolutionNode = FALSE
	EndGlobalSection
	GlobalSection(ExtensibilityGlobals) = postSolution
		SolutionGuid = {2BA485E7-4996-461C-A366-D8FFB0AD4471}
	EndGlobalSection
EndGlobal
