
Microsoft Visual Studio Solution File, Format Version 12.00
# Visual Studio 15
VisualStudioVersion = 15.0.28307.168
MinimumVisualStudioVersion = 10.0.40219.1
Project("{FAE04EC0-301F-11D3-BF4B-00C04F79EFBC}") = "[C_ST37-中] 字串比對", "[C_ST37-中] 字串比對\[C_ST37-中] 字串比對.csproj", "{DD4533EA-0B91-4AEB-819A-DF38AF24A65D}"
EndProject
Global
	GlobalSection(SolutionConfigurationPlatforms) = preSolution
		Debug|Any CPU = Debug|Any CPU
		Release|Any CPU = Release|Any CPU
	EndGlobalSection
	GlobalSection(ProjectConfigurationPlatforms) = postSolution
		{DD4533EA-0B91-4AEB-819A-DF38AF24A65D}.Debug|Any CPU.ActiveCfg = Debug|Any CPU
		{DD4533EA-0B91-4AEB-819A-DF38AF24A65D}.Debug|Any CPU.Build.0 = Debug|Any CPU
		{DD4533EA-0B91-4AEB-819A-DF38AF24A65D}.Release|Any CPU.ActiveCfg = Release|Any CPU
		{DD4533EA-0B91-4AEB-819A-DF38AF24A65D}.Release|Any CPU.Build.0 = Release|Any CPU
	EndGlobalSection
	GlobalSection(SolutionProperties) = preSolution
		HideSolutionNode = FALSE
	EndGlobalSection
	GlobalSection(ExtensibilityGlobals) = postSolution
		SolutionGuid = {1E61DA83-69FF-4E78-AEC1-912AB7B4EFA3}
	EndGlobalSection
EndGlobal
