
Microsoft Visual Studio Solution File, Format Version 12.00
# Visual Studio 15
VisualStudioVersion = 15.0.28307.168
MinimumVisualStudioVersion = 10.0.40219.1
Project("{FAE04EC0-301F-11D3-BF4B-00C04F79EFBC}") = "[C_ST114-易] LED數字顯示", "[C_ST114-易] LED數字顯示\[C_ST114-易] LED數字顯示.csproj", "{84371299-946A-4F8B-B09E-E5999909DE6B}"
EndProject
Global
	GlobalSection(SolutionConfigurationPlatforms) = preSolution
		Debug|Any CPU = Debug|Any CPU
		Release|Any CPU = Release|Any CPU
	EndGlobalSection
	GlobalSection(ProjectConfigurationPlatforms) = postSolution
		{84371299-946A-4F8B-B09E-E5999909DE6B}.Debug|Any CPU.ActiveCfg = Debug|Any CPU
		{84371299-946A-4F8B-B09E-E5999909DE6B}.Debug|Any CPU.Build.0 = Debug|Any CPU
		{84371299-946A-4F8B-B09E-E5999909DE6B}.Release|Any CPU.ActiveCfg = Release|Any CPU
		{84371299-946A-4F8B-B09E-E5999909DE6B}.Release|Any CPU.Build.0 = Release|Any CPU
	EndGlobalSection
	GlobalSection(SolutionProperties) = preSolution
		HideSolutionNode = FALSE
	EndGlobalSection
	GlobalSection(ExtensibilityGlobals) = postSolution
		SolutionGuid = {FFB16FE0-D469-468B-BE1D-11F5AE73D662}
	EndGlobalSection
EndGlobal
