
Microsoft Visual Studio Solution File, Format Version 12.00
# Visual Studio 15
VisualStudioVersion = 15.0.28307.168
MinimumVisualStudioVersion = 10.0.40219.1
Project("{FAE04EC0-301F-11D3-BF4B-00C04F79EFBC}") = "[C_ST21-易] 文字及字母出現次數", "[C_ST21-易] 文字及字母出現次數\[C_ST21-易] 文字及字母出現次數.csproj", "{295F44E1-E92F-4086-8A08-E024C67375ED}"
EndProject
Global
	GlobalSection(SolutionConfigurationPlatforms) = preSolution
		Debug|Any CPU = Debug|Any CPU
		Release|Any CPU = Release|Any CPU
	EndGlobalSection
	GlobalSection(ProjectConfigurationPlatforms) = postSolution
		{295F44E1-E92F-4086-8A08-E024C67375ED}.Debug|Any CPU.ActiveCfg = Debug|Any CPU
		{295F44E1-E92F-4086-8A08-E024C67375ED}.Debug|Any CPU.Build.0 = Debug|Any CPU
		{295F44E1-E92F-4086-8A08-E024C67375ED}.Release|Any CPU.ActiveCfg = Release|Any CPU
		{295F44E1-E92F-4086-8A08-E024C67375ED}.Release|Any CPU.Build.0 = Release|Any CPU
	EndGlobalSection
	GlobalSection(SolutionProperties) = preSolution
		HideSolutionNode = FALSE
	EndGlobalSection
	GlobalSection(ExtensibilityGlobals) = postSolution
		SolutionGuid = {352FD12E-B249-4E31-9EE4-E5D548862437}
	EndGlobalSection
EndGlobal
