
Microsoft Visual Studio Solution File, Format Version 12.00
# Visual Studio 15
VisualStudioVersion = 15.0.28307.168
MinimumVisualStudioVersion = 10.0.40219.1
Project("{FAE04EC0-301F-11D3-BF4B-00C04F79EFBC}") = "[C_ST31-易] 移除字串中的空白鍵和定位鍵", "[C_ST31-易] 移除字串中的空白鍵和定位鍵\[C_ST31-易] 移除字串中的空白鍵和定位鍵.csproj", "{8E2C558F-1FC1-4FA9-85CF-80038767B855}"
EndProject
Global
	GlobalSection(SolutionConfigurationPlatforms) = preSolution
		Debug|Any CPU = Debug|Any CPU
		Release|Any CPU = Release|Any CPU
	EndGlobalSection
	GlobalSection(ProjectConfigurationPlatforms) = postSolution
		{8E2C558F-1FC1-4FA9-85CF-80038767B855}.Debug|Any CPU.ActiveCfg = Debug|Any CPU
		{8E2C558F-1FC1-4FA9-85CF-80038767B855}.Debug|Any CPU.Build.0 = Debug|Any CPU
		{8E2C558F-1FC1-4FA9-85CF-80038767B855}.Release|Any CPU.ActiveCfg = Release|Any CPU
		{8E2C558F-1FC1-4FA9-85CF-80038767B855}.Release|Any CPU.Build.0 = Release|Any CPU
	EndGlobalSection
	GlobalSection(SolutionProperties) = preSolution
		HideSolutionNode = FALSE
	EndGlobalSection
	GlobalSection(ExtensibilityGlobals) = postSolution
		SolutionGuid = {7B67D39A-1F65-405D-BC00-446FE2A80F8D}
	EndGlobalSection
EndGlobal
