
Microsoft Visual Studio Solution File, Format Version 12.00
# Visual Studio 15
VisualStudioVersion = 15.0.28010.2048
MinimumVisualStudioVersion = 10.0.40219.1
Project("{FAE04EC0-301F-11D3-BF4B-00C04F79EFBC}") = "Online Game 選擇性別", "Online Game 選擇性別\Online Game 選擇性別.csproj", "{976107D2-5CBC-4A3C-A190-13FF4140B5F7}"
EndProject
Global
	GlobalSection(SolutionConfigurationPlatforms) = preSolution
		Debug|Any CPU = Debug|Any CPU
		Release|Any CPU = Release|Any CPU
	EndGlobalSection
	GlobalSection(ProjectConfigurationPlatforms) = postSolution
		{976107D2-5CBC-4A3C-A190-13FF4140B5F7}.Debug|Any CPU.ActiveCfg = Debug|Any CPU
		{976107D2-5CBC-4A3C-A190-13FF4140B5F7}.Debug|Any CPU.Build.0 = Debug|Any CPU
		{976107D2-5CBC-4A3C-A190-13FF4140B5F7}.Release|Any CPU.ActiveCfg = Release|Any CPU
		{976107D2-5CBC-4A3C-A190-13FF4140B5F7}.Release|Any CPU.Build.0 = Release|Any CPU
	EndGlobalSection
	GlobalSection(SolutionProperties) = preSolution
		HideSolutionNode = FALSE
	EndGlobalSection
	GlobalSection(ExtensibilityGlobals) = postSolution
		SolutionGuid = {2E5C9573-484E-4E3D-8C25-BF93155B6B3B}
	EndGlobalSection
EndGlobal
