
Microsoft Visual Studio Solution File, Format Version 12.00
# Visual Studio 15
VisualStudioVersion = 15.0.28010.2048
MinimumVisualStudioVersion = 10.0.40219.1
Project("{FAE04EC0-301F-11D3-BF4B-00C04F79EFBC}") = "計算正整數被3整除之數值之總和", "計算正整數被3整除之數值之總和\計算正整數被3整除之數值之總和.csproj", "{54FBF88A-52DB-41F3-B6F7-E60B4AC71B50}"
EndProject
Global
	GlobalSection(SolutionConfigurationPlatforms) = preSolution
		Debug|Any CPU = Debug|Any CPU
		Release|Any CPU = Release|Any CPU
	EndGlobalSection
	GlobalSection(ProjectConfigurationPlatforms) = postSolution
		{54FBF88A-52DB-41F3-B6F7-E60B4AC71B50}.Debug|Any CPU.ActiveCfg = Debug|Any CPU
		{54FBF88A-52DB-41F3-B6F7-E60B4AC71B50}.Debug|Any CPU.Build.0 = Debug|Any CPU
		{54FBF88A-52DB-41F3-B6F7-E60B4AC71B50}.Release|Any CPU.ActiveCfg = Release|Any CPU
		{54FBF88A-52DB-41F3-B6F7-E60B4AC71B50}.Release|Any CPU.Build.0 = Release|Any CPU
	EndGlobalSection
	GlobalSection(SolutionProperties) = preSolution
		HideSolutionNode = FALSE
	EndGlobalSection
	GlobalSection(ExtensibilityGlobals) = postSolution
		SolutionGuid = {ACCB67AC-C3B3-439E-A4FF-2A7F87225BD1}
	EndGlobalSection
EndGlobal
