
Microsoft Visual Studio Solution File, Format Version 12.00
# Visual Studio 15
VisualStudioVersion = 15.0.28010.2016
MinimumVisualStudioVersion = 10.0.40219.1
Project("{FAE04EC0-301F-11D3-BF4B-00C04F79EFBC}") = "電話費計算", "電話費計算\電話費計算.csproj", "{67B8002C-BE62-43E2-BBAB-5627FCB1BDC0}"
EndProject
Global
	GlobalSection(SolutionConfigurationPlatforms) = preSolution
		Debug|Any CPU = Debug|Any CPU
		Release|Any CPU = Release|Any CPU
	EndGlobalSection
	GlobalSection(ProjectConfigurationPlatforms) = postSolution
		{67B8002C-BE62-43E2-BBAB-5627FCB1BDC0}.Debug|Any CPU.ActiveCfg = Debug|Any CPU
		{67B8002C-BE62-43E2-BBAB-5627FCB1BDC0}.Debug|Any CPU.Build.0 = Debug|Any CPU
		{67B8002C-BE62-43E2-BBAB-5627FCB1BDC0}.Release|Any CPU.ActiveCfg = Release|Any CPU
		{67B8002C-BE62-43E2-BBAB-5627FCB1BDC0}.Release|Any CPU.Build.0 = Release|Any CPU
	EndGlobalSection
	GlobalSection(SolutionProperties) = preSolution
		HideSolutionNode = FALSE
	EndGlobalSection
	GlobalSection(ExtensibilityGlobals) = postSolution
		SolutionGuid = {4D27F8A5-9381-4C78-8C99-2A784C794119}
	EndGlobalSection
EndGlobal
