
Microsoft Visual Studio Solution File, Format Version 12.00
# Visual Studio 15
VisualStudioVersion = 15.0.28307.168
MinimumVisualStudioVersion = 10.0.40219.1
Project("{FAE04EC0-301F-11D3-BF4B-00C04F79EFBC}") = "[C_AR152-易] 正整數統計", "[C_AR152-易] 正整數統計\[C_AR152-易] 正整數統計.csproj", "{40D9CF98-5C7E-414E-856C-9D0204831847}"
EndProject
Global
	GlobalSection(SolutionConfigurationPlatforms) = preSolution
		Debug|Any CPU = Debug|Any CPU
		Release|Any CPU = Release|Any CPU
	EndGlobalSection
	GlobalSection(ProjectConfigurationPlatforms) = postSolution
		{40D9CF98-5C7E-414E-856C-9D0204831847}.Debug|Any CPU.ActiveCfg = Debug|Any CPU
		{40D9CF98-5C7E-414E-856C-9D0204831847}.Debug|Any CPU.Build.0 = Debug|Any CPU
		{40D9CF98-5C7E-414E-856C-9D0204831847}.Release|Any CPU.ActiveCfg = Release|Any CPU
		{40D9CF98-5C7E-414E-856C-9D0204831847}.Release|Any CPU.Build.0 = Release|Any CPU
	EndGlobalSection
	GlobalSection(SolutionProperties) = preSolution
		HideSolutionNode = FALSE
	EndGlobalSection
	GlobalSection(ExtensibilityGlobals) = postSolution
		SolutionGuid = {5FF7B550-A57D-433E-BBEE-4629477E7431}
	EndGlobalSection
EndGlobal
