
Microsoft Visual Studio Solution File, Format Version 12.00
# Visual Studio 15
VisualStudioVersion = 15.0.28307.329
MinimumVisualStudioVersion = 10.0.40219.1
Project("{FAE04EC0-301F-11D3-BF4B-00C04F79EFBC}") = "[C_ST96-中] 識別字辨識", "[C_ST96-中] 識別字辨識\[C_ST96-中] 識別字辨識.csproj", "{6645EFEB-785E-4AB2-9086-6946C9FC7789}"
EndProject
Global
	GlobalSection(SolutionConfigurationPlatforms) = preSolution
		Debug|Any CPU = Debug|Any CPU
		Release|Any CPU = Release|Any CPU
	EndGlobalSection
	GlobalSection(ProjectConfigurationPlatforms) = postSolution
		{6645EFEB-785E-4AB2-9086-6946C9FC7789}.Debug|Any CPU.ActiveCfg = Debug|Any CPU
		{6645EFEB-785E-4AB2-9086-6946C9FC7789}.Debug|Any CPU.Build.0 = Debug|Any CPU
		{6645EFEB-785E-4AB2-9086-6946C9FC7789}.Release|Any CPU.ActiveCfg = Release|Any CPU
		{6645EFEB-785E-4AB2-9086-6946C9FC7789}.Release|Any CPU.Build.0 = Release|Any CPU
	EndGlobalSection
	GlobalSection(SolutionProperties) = preSolution
		HideSolutionNode = FALSE
	EndGlobalSection
	GlobalSection(ExtensibilityGlobals) = postSolution
		SolutionGuid = {A0ED7D18-7195-4B19-A710-06D7D1B4BEB3}
	EndGlobalSection
EndGlobal
