
Microsoft Visual Studio Solution File, Format Version 12.00
# Visual Studio 15
VisualStudioVersion = 15.0.28307.168
MinimumVisualStudioVersion = 10.0.40219.1
Project("{FAE04EC0-301F-11D3-BF4B-00C04F79EFBC}") = "[C_AR146-易] 最大值與最小值", "[C_AR146-易] 最大值與最小值\[C_AR146-易] 最大值與最小值.csproj", "{BB2F3B45-5362-4D45-9A47-D8DC87669A5F}"
EndProject
Global
	GlobalSection(SolutionConfigurationPlatforms) = preSolution
		Debug|Any CPU = Debug|Any CPU
		Release|Any CPU = Release|Any CPU
	EndGlobalSection
	GlobalSection(ProjectConfigurationPlatforms) = postSolution
		{BB2F3B45-5362-4D45-9A47-D8DC87669A5F}.Debug|Any CPU.ActiveCfg = Debug|Any CPU
		{BB2F3B45-5362-4D45-9A47-D8DC87669A5F}.Debug|Any CPU.Build.0 = Debug|Any CPU
		{BB2F3B45-5362-4D45-9A47-D8DC87669A5F}.Release|Any CPU.ActiveCfg = Release|Any CPU
		{BB2F3B45-5362-4D45-9A47-D8DC87669A5F}.Release|Any CPU.Build.0 = Release|Any CPU
	EndGlobalSection
	GlobalSection(SolutionProperties) = preSolution
		HideSolutionNode = FALSE
	EndGlobalSection
	GlobalSection(ExtensibilityGlobals) = postSolution
		SolutionGuid = {D82763FC-01CD-4BBD-BE7B-B324E05A7609}
	EndGlobalSection
EndGlobal
