
Microsoft Visual Studio Solution File, Format Version 12.00
# Visual Studio 15
VisualStudioVersion = 15.0.28307.168
MinimumVisualStudioVersion = 10.0.40219.1
Project("{FAE04EC0-301F-11D3-BF4B-00C04F79EFBC}") = "[C_MM053-易] 近似值", "[C_MM053-易] 近似值\[C_MM053-易] 近似值.csproj", "{68DAB842-FB2F-4EE9-B396-E98E4BD1B3C8}"
EndProject
Global
	GlobalSection(SolutionConfigurationPlatforms) = preSolution
		Debug|Any CPU = Debug|Any CPU
		Release|Any CPU = Release|Any CPU
	EndGlobalSection
	GlobalSection(ProjectConfigurationPlatforms) = postSolution
		{68DAB842-FB2F-4EE9-B396-E98E4BD1B3C8}.Debug|Any CPU.ActiveCfg = Debug|Any CPU
		{68DAB842-FB2F-4EE9-B396-E98E4BD1B3C8}.Debug|Any CPU.Build.0 = Debug|Any CPU
		{68DAB842-FB2F-4EE9-B396-E98E4BD1B3C8}.Release|Any CPU.ActiveCfg = Release|Any CPU
		{68DAB842-FB2F-4EE9-B396-E98E4BD1B3C8}.Release|Any CPU.Build.0 = Release|Any CPU
	EndGlobalSection
	GlobalSection(SolutionProperties) = preSolution
		HideSolutionNode = FALSE
	EndGlobalSection
	GlobalSection(ExtensibilityGlobals) = postSolution
		SolutionGuid = {45B4DD38-AC52-4E67-9DD6-0A0FB0B5C103}
	EndGlobalSection
EndGlobal
