
Microsoft Visual Studio Solution File, Format Version 12.00
# Visual Studio 15
VisualStudioVersion = 15.0.28307.329
MinimumVisualStudioVersion = 10.0.40219.1
Project("{FAE04EC0-301F-11D3-BF4B-00C04F79EFBC}") = "題目24. 計算複利", "題目24. 計算複利\題目24. 計算複利.csproj", "{05A80892-EBDF-489C-B745-0C85B988F539}"
EndProject
Global
	GlobalSection(SolutionConfigurationPlatforms) = preSolution
		Debug|Any CPU = Debug|Any CPU
		Release|Any CPU = Release|Any CPU
	EndGlobalSection
	GlobalSection(ProjectConfigurationPlatforms) = postSolution
		{05A80892-EBDF-489C-B745-0C85B988F539}.Debug|Any CPU.ActiveCfg = Debug|Any CPU
		{05A80892-EBDF-489C-B745-0C85B988F539}.Debug|Any CPU.Build.0 = Debug|Any CPU
		{05A80892-EBDF-489C-B745-0C85B988F539}.Release|Any CPU.ActiveCfg = Release|Any CPU
		{05A80892-EBDF-489C-B745-0C85B988F539}.Release|Any CPU.Build.0 = Release|Any CPU
	EndGlobalSection
	GlobalSection(SolutionProperties) = preSolution
		HideSolutionNode = FALSE
	EndGlobalSection
	GlobalSection(ExtensibilityGlobals) = postSolution
		SolutionGuid = {FDB0E36B-B720-44A1-81DD-49D36DA75006}
	EndGlobalSection
EndGlobal
