
Microsoft Visual Studio Solution File, Format Version 12.00
# Visual Studio 15
VisualStudioVersion = 15.0.28307.168
MinimumVisualStudioVersion = 10.0.40219.1
Project("{FAE04EC0-301F-11D3-BF4B-00C04F79EFBC}") = "[C_MM151-易] 成績計算", "[C_MM151-易] 成績計算\[C_MM151-易] 成績計算.csproj", "{2910094A-23FD-4C1B-9F77-AAB910B6FFAF}"
EndProject
Global
	GlobalSection(SolutionConfigurationPlatforms) = preSolution
		Debug|Any CPU = Debug|Any CPU
		Release|Any CPU = Release|Any CPU
	EndGlobalSection
	GlobalSection(ProjectConfigurationPlatforms) = postSolution
		{2910094A-23FD-4C1B-9F77-AAB910B6FFAF}.Debug|Any CPU.ActiveCfg = Debug|Any CPU
		{2910094A-23FD-4C1B-9F77-AAB910B6FFAF}.Debug|Any CPU.Build.0 = Debug|Any CPU
		{2910094A-23FD-4C1B-9F77-AAB910B6FFAF}.Release|Any CPU.ActiveCfg = Release|Any CPU
		{2910094A-23FD-4C1B-9F77-AAB910B6FFAF}.Release|Any CPU.Build.0 = Release|Any CPU
	EndGlobalSection
	GlobalSection(SolutionProperties) = preSolution
		HideSolutionNode = FALSE
	EndGlobalSection
	GlobalSection(ExtensibilityGlobals) = postSolution
		SolutionGuid = {55E8EED4-FA67-4504-8C73-B582C8D46949}
	EndGlobalSection
EndGlobal
