
Microsoft Visual Studio Solution File, Format Version 12.00
# Visual Studio 15
VisualStudioVersion = 15.0.28307.329
MinimumVisualStudioVersion = 10.0.40219.1
Project("{FAE04EC0-301F-11D3-BF4B-00C04F79EFBC}") = "[C_AR46-易] 陣列平方和問題", "[C_AR46-易] 陣列平方和問題\[C_AR46-易] 陣列平方和問題.csproj", "{7CE7A9CC-0315-4A84-8C35-352D6A5103D3}"
EndProject
Global
	GlobalSection(SolutionConfigurationPlatforms) = preSolution
		Debug|Any CPU = Debug|Any CPU
		Release|Any CPU = Release|Any CPU
	EndGlobalSection
	GlobalSection(ProjectConfigurationPlatforms) = postSolution
		{7CE7A9CC-0315-4A84-8C35-352D6A5103D3}.Debug|Any CPU.ActiveCfg = Debug|Any CPU
		{7CE7A9CC-0315-4A84-8C35-352D6A5103D3}.Debug|Any CPU.Build.0 = Debug|Any CPU
		{7CE7A9CC-0315-4A84-8C35-352D6A5103D3}.Release|Any CPU.ActiveCfg = Release|Any CPU
		{7CE7A9CC-0315-4A84-8C35-352D6A5103D3}.Release|Any CPU.Build.0 = Release|Any CPU
	EndGlobalSection
	GlobalSection(SolutionProperties) = preSolution
		HideSolutionNode = FALSE
	EndGlobalSection
	GlobalSection(ExtensibilityGlobals) = postSolution
		SolutionGuid = {9E7FC6E4-C01E-43CF-8733-9D5288C09FAB}
	EndGlobalSection
EndGlobal
