
Microsoft Visual Studio Solution File, Format Version 12.00
# Visual Studio 15
VisualStudioVersion = 15.0.27004.2005
MinimumVisualStudioVersion = 10.0.40219.1
Project("{FAE04EC0-301F-11D3-BF4B-00C04F79EFBC}") = "平閏年", "平閏年\平閏年.csproj", "{4BC60CA8-5FA5-45FE-8DD2-EA5C64AD02B3}"
EndProject
Global
	GlobalSection(SolutionConfigurationPlatforms) = preSolution
		Debug|Any CPU = Debug|Any CPU
		Release|Any CPU = Release|Any CPU
	EndGlobalSection
	GlobalSection(ProjectConfigurationPlatforms) = postSolution
		{4BC60CA8-5FA5-45FE-8DD2-EA5C64AD02B3}.Debug|Any CPU.ActiveCfg = Debug|Any CPU
		{4BC60CA8-5FA5-45FE-8DD2-EA5C64AD02B3}.Debug|Any CPU.Build.0 = Debug|Any CPU
		{4BC60CA8-5FA5-45FE-8DD2-EA5C64AD02B3}.Release|Any CPU.ActiveCfg = Release|Any CPU
		{4BC60CA8-5FA5-45FE-8DD2-EA5C64AD02B3}.Release|Any CPU.Build.0 = Release|Any CPU
	EndGlobalSection
	GlobalSection(SolutionProperties) = preSolution
		HideSolutionNode = FALSE
	EndGlobalSection
	GlobalSection(ExtensibilityGlobals) = postSolution
		SolutionGuid = {2158E4E7-6D37-4F5A-863E-81303307399F}
	EndGlobalSection
EndGlobal
