
Microsoft Visual Studio Solution File, Format Version 12.00
# Visual Studio 15
VisualStudioVersion = 15.0.28307.168
MinimumVisualStudioVersion = 10.0.40219.1
Project("{FAE04EC0-301F-11D3-BF4B-00C04F79EFBC}") = "[C_AR210-易] 簡易加密", "[C_AR210-易] 簡易加密\[C_AR210-易] 簡易加密.csproj", "{3A8B5F2E-2653-4C43-9146-7C8FF3B350C1}"
EndProject
Global
	GlobalSection(SolutionConfigurationPlatforms) = preSolution
		Debug|Any CPU = Debug|Any CPU
		Release|Any CPU = Release|Any CPU
	EndGlobalSection
	GlobalSection(ProjectConfigurationPlatforms) = postSolution
		{3A8B5F2E-2653-4C43-9146-7C8FF3B350C1}.Debug|Any CPU.ActiveCfg = Debug|Any CPU
		{3A8B5F2E-2653-4C43-9146-7C8FF3B350C1}.Debug|Any CPU.Build.0 = Debug|Any CPU
		{3A8B5F2E-2653-4C43-9146-7C8FF3B350C1}.Release|Any CPU.ActiveCfg = Release|Any CPU
		{3A8B5F2E-2653-4C43-9146-7C8FF3B350C1}.Release|Any CPU.Build.0 = Release|Any CPU
	EndGlobalSection
	GlobalSection(SolutionProperties) = preSolution
		HideSolutionNode = FALSE
	EndGlobalSection
	GlobalSection(ExtensibilityGlobals) = postSolution
		SolutionGuid = {3EEBC3E4-1C64-4BFD-9F7E-38721A058C17}
	EndGlobalSection
EndGlobal
