
Microsoft Visual Studio Solution File, Format Version 12.00
# Visual Studio 15
VisualStudioVersion = 15.0.28307.329
MinimumVisualStudioVersion = 10.0.40219.1
Project("{FAE04EC0-301F-11D3-BF4B-00C04F79EFBC}") = "[C_AR177-易] 列出介於(含)兩個自然數間的所有質數", "[C_AR177-易] 列出介於(含)兩個自然數間的所有質數\[C_AR177-易] 列出介於(含)兩個自然數間的所有質數.csproj", "{4CF2340A-A398-44F6-B966-DA64638452FF}"
EndProject
Global
	GlobalSection(SolutionConfigurationPlatforms) = preSolution
		Debug|Any CPU = Debug|Any CPU
		Release|Any CPU = Release|Any CPU
	EndGlobalSection
	GlobalSection(ProjectConfigurationPlatforms) = postSolution
		{4CF2340A-A398-44F6-B966-DA64638452FF}.Debug|Any CPU.ActiveCfg = Debug|Any CPU
		{4CF2340A-A398-44F6-B966-DA64638452FF}.Debug|Any CPU.Build.0 = Debug|Any CPU
		{4CF2340A-A398-44F6-B966-DA64638452FF}.Release|Any CPU.ActiveCfg = Release|Any CPU
		{4CF2340A-A398-44F6-B966-DA64638452FF}.Release|Any CPU.Build.0 = Release|Any CPU
	EndGlobalSection
	GlobalSection(SolutionProperties) = preSolution
		HideSolutionNode = FALSE
	EndGlobalSection
	GlobalSection(ExtensibilityGlobals) = postSolution
		SolutionGuid = {61294A01-5DE4-414C-8469-514D768B4CD8}
	EndGlobalSection
EndGlobal
