
Microsoft Visual Studio Solution File, Format Version 12.00
# Visual Studio 15
VisualStudioVersion = 15.0.28307.168
MinimumVisualStudioVersion = 10.0.40219.1
Project("{FAE04EC0-301F-11D3-BF4B-00C04F79EFBC}") = "[C_ST41-中] 字串取代", "[C_ST41-中] 字串取代\[C_ST41-中] 字串取代.csproj", "{59A57C15-966C-405F-8A4F-C3B2BE5FDAFD}"
EndProject
Global
	GlobalSection(SolutionConfigurationPlatforms) = preSolution
		Debug|Any CPU = Debug|Any CPU
		Release|Any CPU = Release|Any CPU
	EndGlobalSection
	GlobalSection(ProjectConfigurationPlatforms) = postSolution
		{59A57C15-966C-405F-8A4F-C3B2BE5FDAFD}.Debug|Any CPU.ActiveCfg = Debug|Any CPU
		{59A57C15-966C-405F-8A4F-C3B2BE5FDAFD}.Debug|Any CPU.Build.0 = Debug|Any CPU
		{59A57C15-966C-405F-8A4F-C3B2BE5FDAFD}.Release|Any CPU.ActiveCfg = Release|Any CPU
		{59A57C15-966C-405F-8A4F-C3B2BE5FDAFD}.Release|Any CPU.Build.0 = Release|Any CPU
	EndGlobalSection
	GlobalSection(SolutionProperties) = preSolution
		HideSolutionNode = FALSE
	EndGlobalSection
	GlobalSection(ExtensibilityGlobals) = postSolution
		SolutionGuid = {AC64F8EA-3868-4934-AA98-06F85BE070F8}
	EndGlobalSection
EndGlobal
