
Microsoft Visual Studio Solution File, Format Version 12.00
# Visual Studio 15
VisualStudioVersion = 15.0.28307.136
MinimumVisualStudioVersion = 10.0.40219.1
Project("{FAE04EC0-301F-11D3-BF4B-00C04F79EFBC}") = "九九乘法表", "九九乘法表\九九乘法表.csproj", "{56938E79-10A1-4E33-A869-4945AA699D38}"
EndProject
Global
	GlobalSection(SolutionConfigurationPlatforms) = preSolution
		Debug|Any CPU = Debug|Any CPU
		Release|Any CPU = Release|Any CPU
	EndGlobalSection
	GlobalSection(ProjectConfigurationPlatforms) = postSolution
		{56938E79-10A1-4E33-A869-4945AA699D38}.Debug|Any CPU.ActiveCfg = Debug|Any CPU
		{56938E79-10A1-4E33-A869-4945AA699D38}.Debug|Any CPU.Build.0 = Debug|Any CPU
		{56938E79-10A1-4E33-A869-4945AA699D38}.Release|Any CPU.ActiveCfg = Release|Any CPU
		{56938E79-10A1-4E33-A869-4945AA699D38}.Release|Any CPU.Build.0 = Release|Any CPU
	EndGlobalSection
	GlobalSection(SolutionProperties) = preSolution
		HideSolutionNode = FALSE
	EndGlobalSection
	GlobalSection(ExtensibilityGlobals) = postSolution
		SolutionGuid = {847FBB61-436C-4132-B730-668F4A90B0F8}
	EndGlobalSection
EndGlobal
