
Microsoft Visual Studio Solution File, Format Version 12.00
# Visual Studio 15
VisualStudioVersion = 15.0.28307.168
MinimumVisualStudioVersion = 10.0.40219.1
Project("{FAE04EC0-301F-11D3-BF4B-00C04F79EFBC}") = "[C_ST86-易] 解加密的電話號碼", "[C_ST86-易] 解加密的電話號碼\[C_ST86-易] 解加密的電話號碼.csproj", "{DDBB5344-77E0-49D5-B20D-BB752F40E7B6}"
EndProject
Global
	GlobalSection(SolutionConfigurationPlatforms) = preSolution
		Debug|Any CPU = Debug|Any CPU
		Release|Any CPU = Release|Any CPU
	EndGlobalSection
	GlobalSection(ProjectConfigurationPlatforms) = postSolution
		{DDBB5344-77E0-49D5-B20D-BB752F40E7B6}.Debug|Any CPU.ActiveCfg = Debug|Any CPU
		{DDBB5344-77E0-49D5-B20D-BB752F40E7B6}.Debug|Any CPU.Build.0 = Debug|Any CPU
		{DDBB5344-77E0-49D5-B20D-BB752F40E7B6}.Release|Any CPU.ActiveCfg = Release|Any CPU
		{DDBB5344-77E0-49D5-B20D-BB752F40E7B6}.Release|Any CPU.Build.0 = Release|Any CPU
	EndGlobalSection
	GlobalSection(SolutionProperties) = preSolution
		HideSolutionNode = FALSE
	EndGlobalSection
	GlobalSection(ExtensibilityGlobals) = postSolution
		SolutionGuid = {BAC76649-AB8F-4DE0-917A-A29EFF818EDD}
	EndGlobalSection
EndGlobal
