
Microsoft Visual Studio Solution File, Format Version 12.00
# Visual Studio 15
VisualStudioVersion = 15.0.28010.2016
MinimumVisualStudioVersion = 10.0.40219.1
Project("{FAE04EC0-301F-11D3-BF4B-00C04F79EFBC}") = "判斷輸入變數的形式", "判斷輸入變數的形式\判斷輸入變數的形式.csproj", "{EA4E31E3-6446-40E2-B401-AC960A17E78C}"
EndProject
Global
	GlobalSection(SolutionConfigurationPlatforms) = preSolution
		Debug|Any CPU = Debug|Any CPU
		Release|Any CPU = Release|Any CPU
	EndGlobalSection
	GlobalSection(ProjectConfigurationPlatforms) = postSolution
		{EA4E31E3-6446-40E2-B401-AC960A17E78C}.Debug|Any CPU.ActiveCfg = Debug|Any CPU
		{EA4E31E3-6446-40E2-B401-AC960A17E78C}.Debug|Any CPU.Build.0 = Debug|Any CPU
		{EA4E31E3-6446-40E2-B401-AC960A17E78C}.Release|Any CPU.ActiveCfg = Release|Any CPU
		{EA4E31E3-6446-40E2-B401-AC960A17E78C}.Release|Any CPU.Build.0 = Release|Any CPU
	EndGlobalSection
	GlobalSection(SolutionProperties) = preSolution
		HideSolutionNode = FALSE
	EndGlobalSection
	GlobalSection(ExtensibilityGlobals) = postSolution
		SolutionGuid = {80E8C9C1-229D-4216-BEF0-58D4CE5F04BC}
	EndGlobalSection
EndGlobal
