
Microsoft Visual Studio Solution File, Format Version 12.00
# Visual Studio 15
VisualStudioVersion = 15.0.28307.168
MinimumVisualStudioVersion = 10.0.40219.1
Project("{FAE04EC0-301F-11D3-BF4B-00C04F79EFBC}") = "[C_ST63-易] 尋找單字中的母音字母數量", "[C_ST63-易] 尋找單字中的母音字母數量\[C_ST63-易] 尋找單字中的母音字母數量.csproj", "{4650737F-AC1A-49CA-AD42-5EAA533F392E}"
EndProject
Global
	GlobalSection(SolutionConfigurationPlatforms) = preSolution
		Debug|Any CPU = Debug|Any CPU
		Release|Any CPU = Release|Any CPU
	EndGlobalSection
	GlobalSection(ProjectConfigurationPlatforms) = postSolution
		{4650737F-AC1A-49CA-AD42-5EAA533F392E}.Debug|Any CPU.ActiveCfg = Debug|Any CPU
		{4650737F-AC1A-49CA-AD42-5EAA533F392E}.Debug|Any CPU.Build.0 = Debug|Any CPU
		{4650737F-AC1A-49CA-AD42-5EAA533F392E}.Release|Any CPU.ActiveCfg = Release|Any CPU
		{4650737F-AC1A-49CA-AD42-5EAA533F392E}.Release|Any CPU.Build.0 = Release|Any CPU
	EndGlobalSection
	GlobalSection(SolutionProperties) = preSolution
		HideSolutionNode = FALSE
	EndGlobalSection
	GlobalSection(ExtensibilityGlobals) = postSolution
		SolutionGuid = {6AF032B8-ADDA-43FA-A972-13C8925B21EA}
	EndGlobalSection
EndGlobal
