
Microsoft Visual Studio Solution File, Format Version 12.00
# Visual Studio 15
VisualStudioVersion = 15.0.28307.168
MinimumVisualStudioVersion = 10.0.40219.1
Project("{FAE04EC0-301F-11D3-BF4B-00C04F79EFBC}") = "[C_AR022-易] 字母出現的頻率", "[C_AR022-易] 字母出現的頻率\[C_AR022-易] 字母出現的頻率.csproj", "{DCEF15A8-E55F-433B-A82C-390516809151}"
EndProject
Global
	GlobalSection(SolutionConfigurationPlatforms) = preSolution
		Debug|Any CPU = Debug|Any CPU
		Release|Any CPU = Release|Any CPU
	EndGlobalSection
	GlobalSection(ProjectConfigurationPlatforms) = postSolution
		{DCEF15A8-E55F-433B-A82C-390516809151}.Debug|Any CPU.ActiveCfg = Debug|Any CPU
		{DCEF15A8-E55F-433B-A82C-390516809151}.Debug|Any CPU.Build.0 = Debug|Any CPU
		{DCEF15A8-E55F-433B-A82C-390516809151}.Release|Any CPU.ActiveCfg = Release|Any CPU
		{DCEF15A8-E55F-433B-A82C-390516809151}.Release|Any CPU.Build.0 = Release|Any CPU
	EndGlobalSection
	GlobalSection(SolutionProperties) = preSolution
		HideSolutionNode = FALSE
	EndGlobalSection
	GlobalSection(ExtensibilityGlobals) = postSolution
		SolutionGuid = {3BEEBBC8-4D03-40E4-85C2-F77F79CA9797}
	EndGlobalSection
EndGlobal
