
Microsoft Visual Studio Solution File, Format Version 12.00
# Visual Studio 15
VisualStudioVersion = 15.0.28307.329
MinimumVisualStudioVersion = 10.0.40219.1
Project("{FAE04EC0-301F-11D3-BF4B-00C04F79EFBC}") = "[C_MM268-易] 18啦遊戲設計", "[C_MM268-易] 18啦遊戲設計\[C_MM268-易] 18啦遊戲設計.csproj", "{B858B821-5B76-422C-83EF-487BF4925CF8}"
EndProject
Project("{FAE04EC0-301F-11D3-BF4B-00C04F79EFBC}") = "ConsoleApp1", "ConsoleApp1\ConsoleApp1.csproj", "{A620F0F9-BD3D-4575-8A89-F9D67C8088E1}"
EndProject
Global
	GlobalSection(SolutionConfigurationPlatforms) = preSolution
		Debug|Any CPU = Debug|Any CPU
		Release|Any CPU = Release|Any CPU
	EndGlobalSection
	GlobalSection(ProjectConfigurationPlatforms) = postSolution
		{B858B821-5B76-422C-83EF-487BF4925CF8}.Debug|Any CPU.ActiveCfg = Debug|Any CPU
		{B858B821-5B76-422C-83EF-487BF4925CF8}.Debug|Any CPU.Build.0 = Debug|Any CPU
		{B858B821-5B76-422C-83EF-487BF4925CF8}.Release|Any CPU.ActiveCfg = Release|Any CPU
		{B858B821-5B76-422C-83EF-487BF4925CF8}.Release|Any CPU.Build.0 = Release|Any CPU
		{A620F0F9-BD3D-4575-8A89-F9D67C8088E1}.Debug|Any CPU.ActiveCfg = Debug|Any CPU
		{A620F0F9-BD3D-4575-8A89-F9D67C8088E1}.Debug|Any CPU.Build.0 = Debug|Any CPU
		{A620F0F9-BD3D-4575-8A89-F9D67C8088E1}.Release|Any CPU.ActiveCfg = Release|Any CPU
		{A620F0F9-BD3D-4575-8A89-F9D67C8088E1}.Release|Any CPU.Build.0 = Release|Any CPU
	EndGlobalSection
	GlobalSection(SolutionProperties) = preSolution
		HideSolutionNode = FALSE
	EndGlobalSection
	GlobalSection(ExtensibilityGlobals) = postSolution
		SolutionGuid = {8D3F460A-954F-4883-8D41-A3A3B6B07BA9}
	EndGlobalSection
EndGlobal
