
Microsoft Visual Studio Solution File, Format Version 12.00
# Visual Studio 15
VisualStudioVersion = 15.0.28010.2016
MinimumVisualStudioVersion = 10.0.40219.1
Project("{FAE04EC0-301F-11D3-BF4B-00C04F79EFBC}") = "計算1到N之間屬於5和7的倍數", "計算1到N之間屬於5和7的倍數\計算1到N之間屬於5和7的倍數.csproj", "{D3099691-01ED-4D22-9831-254035C7134C}"
EndProject
Global
	GlobalSection(SolutionConfigurationPlatforms) = preSolution
		Debug|Any CPU = Debug|Any CPU
		Release|Any CPU = Release|Any CPU
	EndGlobalSection
	GlobalSection(ProjectConfigurationPlatforms) = postSolution
		{D3099691-01ED-4D22-9831-254035C7134C}.Debug|Any CPU.ActiveCfg = Debug|Any CPU
		{D3099691-01ED-4D22-9831-254035C7134C}.Debug|Any CPU.Build.0 = Debug|Any CPU
		{D3099691-01ED-4D22-9831-254035C7134C}.Release|Any CPU.ActiveCfg = Release|Any CPU
		{D3099691-01ED-4D22-9831-254035C7134C}.Release|Any CPU.Build.0 = Release|Any CPU
	EndGlobalSection
	GlobalSection(SolutionProperties) = preSolution
		HideSolutionNode = FALSE
	EndGlobalSection
	GlobalSection(ExtensibilityGlobals) = postSolution
		SolutionGuid = {10B594F6-6E3D-4D42-BD5D-2B8F99721749}
	EndGlobalSection
EndGlobal
