
Microsoft Visual Studio Solution File, Format Version 12.00
# Visual Studio 15
VisualStudioVersion = 15.0.28307.168
MinimumVisualStudioVersion = 10.0.40219.1
Project("{FAE04EC0-301F-11D3-BF4B-00C04F79EFBC}") = "[C_AR111-易] 對話機器人", "[C_AR111-易] 對話機器人\[C_AR111-易] 對話機器人.csproj", "{94102CDB-21CD-4754-A0E2-905E107D264E}"
EndProject
Global
	GlobalSection(SolutionConfigurationPlatforms) = preSolution
		Debug|Any CPU = Debug|Any CPU
		Release|Any CPU = Release|Any CPU
	EndGlobalSection
	GlobalSection(ProjectConfigurationPlatforms) = postSolution
		{94102CDB-21CD-4754-A0E2-905E107D264E}.Debug|Any CPU.ActiveCfg = Debug|Any CPU
		{94102CDB-21CD-4754-A0E2-905E107D264E}.Debug|Any CPU.Build.0 = Debug|Any CPU
		{94102CDB-21CD-4754-A0E2-905E107D264E}.Release|Any CPU.ActiveCfg = Release|Any CPU
		{94102CDB-21CD-4754-A0E2-905E107D264E}.Release|Any CPU.Build.0 = Release|Any CPU
	EndGlobalSection
	GlobalSection(SolutionProperties) = preSolution
		HideSolutionNode = FALSE
	EndGlobalSection
	GlobalSection(ExtensibilityGlobals) = postSolution
		SolutionGuid = {2859FF74-B0D9-41DF-AD26-5CCC5EBD1B67}
	EndGlobalSection
EndGlobal
