
Microsoft Visual Studio Solution File, Format Version 12.00
# Visual Studio 15
VisualStudioVersion = 15.0.28307.329
MinimumVisualStudioVersion = 10.0.40219.1
Project("{FAE04EC0-301F-11D3-BF4B-00C04F79EFBC}") = "[C_MM196-易] 麵包師傅", "[C_MM196-易] 麵包師傅\[C_MM196-易] 麵包師傅.csproj", "{02638CEF-CECF-4A93-B927-24991280FF2E}"
EndProject
Global
	GlobalSection(SolutionConfigurationPlatforms) = preSolution
		Debug|Any CPU = Debug|Any CPU
		Release|Any CPU = Release|Any CPU
	EndGlobalSection
	GlobalSection(ProjectConfigurationPlatforms) = postSolution
		{02638CEF-CECF-4A93-B927-24991280FF2E}.Debug|Any CPU.ActiveCfg = Debug|Any CPU
		{02638CEF-CECF-4A93-B927-24991280FF2E}.Debug|Any CPU.Build.0 = Debug|Any CPU
		{02638CEF-CECF-4A93-B927-24991280FF2E}.Release|Any CPU.ActiveCfg = Release|Any CPU
		{02638CEF-CECF-4A93-B927-24991280FF2E}.Release|Any CPU.Build.0 = Release|Any CPU
	EndGlobalSection
	GlobalSection(SolutionProperties) = preSolution
		HideSolutionNode = FALSE
	EndGlobalSection
	GlobalSection(ExtensibilityGlobals) = postSolution
		SolutionGuid = {C94CAD5E-8E50-4C30-A66A-E966A0C44730}
	EndGlobalSection
EndGlobal
