
Microsoft Visual Studio Solution File, Format Version 12.00
# Visual Studio 15
VisualStudioVersion = 15.0.28307.168
MinimumVisualStudioVersion = 10.0.40219.1
Project("{FAE04EC0-301F-11D3-BF4B-00C04F79EFBC}") = "[C_AR154-易] 感染被包圍的人", "[C_AR154-易] 感染被包圍的人\[C_AR154-易] 感染被包圍的人.csproj", "{DCABD4E5-DB51-4CFD-A4F0-7CFC00247751}"
EndProject
Project("{FAE04EC0-301F-11D3-BF4B-00C04F79EFBC}") = "ConsoleApp1", "ConsoleApp1\ConsoleApp1.csproj", "{8037E78C-A164-4501-A95F-E05F79C45E3C}"
EndProject
Global
	GlobalSection(SolutionConfigurationPlatforms) = preSolution
		Debug|Any CPU = Debug|Any CPU
		Release|Any CPU = Release|Any CPU
	EndGlobalSection
	GlobalSection(ProjectConfigurationPlatforms) = postSolution
		{DCABD4E5-DB51-4CFD-A4F0-7CFC00247751}.Debug|Any CPU.ActiveCfg = Debug|Any CPU
		{DCABD4E5-DB51-4CFD-A4F0-7CFC00247751}.Debug|Any CPU.Build.0 = Debug|Any CPU
		{DCABD4E5-DB51-4CFD-A4F0-7CFC00247751}.Release|Any CPU.ActiveCfg = Release|Any CPU
		{DCABD4E5-DB51-4CFD-A4F0-7CFC00247751}.Release|Any CPU.Build.0 = Release|Any CPU
		{8037E78C-A164-4501-A95F-E05F79C45E3C}.Debug|Any CPU.ActiveCfg = Debug|Any CPU
		{8037E78C-A164-4501-A95F-E05F79C45E3C}.Debug|Any CPU.Build.0 = Debug|Any CPU
		{8037E78C-A164-4501-A95F-E05F79C45E3C}.Release|Any CPU.ActiveCfg = Release|Any CPU
		{8037E78C-A164-4501-A95F-E05F79C45E3C}.Release|Any CPU.Build.0 = Release|Any CPU
	EndGlobalSection
	GlobalSection(SolutionProperties) = preSolution
		HideSolutionNode = FALSE
	EndGlobalSection
	GlobalSection(ExtensibilityGlobals) = postSolution
		SolutionGuid = {0187F7CD-18AE-4021-81E8-81410A8CCD04}
	EndGlobalSection
EndGlobal
