
Microsoft Visual Studio Solution File, Format Version 12.00
# Visual Studio 15
VisualStudioVersion = 15.0.28307.329
MinimumVisualStudioVersion = 10.0.40219.1
Project("{FAE04EC0-301F-11D3-BF4B-00C04F79EFBC}") = "[C_DT75-中] 魔方陣", "[C_DT75-中] 魔方陣\[C_DT75-中] 魔方陣.csproj", "{BFFA6CD6-771A-4087-8EC7-2693AF23E9C6}"
EndProject
Global
	GlobalSection(SolutionConfigurationPlatforms) = preSolution
		Debug|Any CPU = Debug|Any CPU
		Release|Any CPU = Release|Any CPU
	EndGlobalSection
	GlobalSection(ProjectConfigurationPlatforms) = postSolution
		{BFFA6CD6-771A-4087-8EC7-2693AF23E9C6}.Debug|Any CPU.ActiveCfg = Debug|Any CPU
		{BFFA6CD6-771A-4087-8EC7-2693AF23E9C6}.Debug|Any CPU.Build.0 = Debug|Any CPU
		{BFFA6CD6-771A-4087-8EC7-2693AF23E9C6}.Release|Any CPU.ActiveCfg = Release|Any CPU
		{BFFA6CD6-771A-4087-8EC7-2693AF23E9C6}.Release|Any CPU.Build.0 = Release|Any CPU
	EndGlobalSection
	GlobalSection(SolutionProperties) = preSolution
		HideSolutionNode = FALSE
	EndGlobalSection
	GlobalSection(ExtensibilityGlobals) = postSolution
		SolutionGuid = {6A6259C8-1AC5-4A6D-A7DA-38C4D39F21B5}
	EndGlobalSection
EndGlobal
