
Microsoft Visual Studio Solution File, Format Version 12.00
# Visual Studio 15
VisualStudioVersion = 15.0.28307.329
MinimumVisualStudioVersion = 10.0.40219.1
Project("{FAE04EC0-301F-11D3-BF4B-00C04F79EFBC}") = "[C_AR178-易] 猜數字之提示", "[C_AR178-易] 猜數字之提示\[C_AR178-易] 猜數字之提示.csproj", "{6CEC112D-3928-42E9-8E19-B0BF0D914550}"
EndProject
Global
	GlobalSection(SolutionConfigurationPlatforms) = preSolution
		Debug|Any CPU = Debug|Any CPU
		Release|Any CPU = Release|Any CPU
	EndGlobalSection
	GlobalSection(ProjectConfigurationPlatforms) = postSolution
		{6CEC112D-3928-42E9-8E19-B0BF0D914550}.Debug|Any CPU.ActiveCfg = Debug|Any CPU
		{6CEC112D-3928-42E9-8E19-B0BF0D914550}.Debug|Any CPU.Build.0 = Debug|Any CPU
		{6CEC112D-3928-42E9-8E19-B0BF0D914550}.Release|Any CPU.ActiveCfg = Release|Any CPU
		{6CEC112D-3928-42E9-8E19-B0BF0D914550}.Release|Any CPU.Build.0 = Release|Any CPU
	EndGlobalSection
	GlobalSection(SolutionProperties) = preSolution
		HideSolutionNode = FALSE
	EndGlobalSection
	GlobalSection(ExtensibilityGlobals) = postSolution
		SolutionGuid = {9C0E044D-41C0-4FED-AD28-E44A4C62C95F}
	EndGlobalSection
EndGlobal
