
Microsoft Visual Studio Solution File, Format Version 12.00
# Visual Studio 15
VisualStudioVersion = 15.0.28307.136
MinimumVisualStudioVersion = 10.0.40219.1
Project("{FAE04EC0-301F-11D3-BF4B-00C04F79EFBC}") = "求Emirp 反向質數", "求Emirp 反向質數\求Emirp 反向質數.csproj", "{6C493540-E48D-4463-890C-0E79228AECCB}"
EndProject
Global
	GlobalSection(SolutionConfigurationPlatforms) = preSolution
		Debug|Any CPU = Debug|Any CPU
		Release|Any CPU = Release|Any CPU
	EndGlobalSection
	GlobalSection(ProjectConfigurationPlatforms) = postSolution
		{6C493540-E48D-4463-890C-0E79228AECCB}.Debug|Any CPU.ActiveCfg = Debug|Any CPU
		{6C493540-E48D-4463-890C-0E79228AECCB}.Debug|Any CPU.Build.0 = Debug|Any CPU
		{6C493540-E48D-4463-890C-0E79228AECCB}.Release|Any CPU.ActiveCfg = Release|Any CPU
		{6C493540-E48D-4463-890C-0E79228AECCB}.Release|Any CPU.Build.0 = Release|Any CPU
	EndGlobalSection
	GlobalSection(SolutionProperties) = preSolution
		HideSolutionNode = FALSE
	EndGlobalSection
	GlobalSection(ExtensibilityGlobals) = postSolution
		SolutionGuid = {3AAD142D-75AB-49A0-83F9-56C17D75C818}
	EndGlobalSection
EndGlobal
