
Microsoft Visual Studio Solution File, Format Version 12.00
# Visual Studio 15
VisualStudioVersion = 15.0.28010.2046
MinimumVisualStudioVersion = 10.0.40219.1
Project("{FAE04EC0-301F-11D3-BF4B-00C04F79EFBC}") = "C_MM36季節判定", "C_MM36季節判定\C_MM36季節判定.csproj", "{D2F67970-A178-4745-9A64-A43A2480752B}"
EndProject
Global
	GlobalSection(SolutionConfigurationPlatforms) = preSolution
		Debug|Any CPU = Debug|Any CPU
		Release|Any CPU = Release|Any CPU
	EndGlobalSection
	GlobalSection(ProjectConfigurationPlatforms) = postSolution
		{D2F67970-A178-4745-9A64-A43A2480752B}.Debug|Any CPU.ActiveCfg = Debug|Any CPU
		{D2F67970-A178-4745-9A64-A43A2480752B}.Debug|Any CPU.Build.0 = Debug|Any CPU
		{D2F67970-A178-4745-9A64-A43A2480752B}.Release|Any CPU.ActiveCfg = Release|Any CPU
		{D2F67970-A178-4745-9A64-A43A2480752B}.Release|Any CPU.Build.0 = Release|Any CPU
	EndGlobalSection
	GlobalSection(SolutionProperties) = preSolution
		HideSolutionNode = FALSE
	EndGlobalSection
	GlobalSection(ExtensibilityGlobals) = postSolution
		SolutionGuid = {1E08D5D8-B48C-4BCB-9FDA-F95CB97667AE}
	EndGlobalSection
EndGlobal
