
Microsoft Visual Studio Solution File, Format Version 12.00
# Visual Studio 15
VisualStudioVersion = 15.0.28307.136
MinimumVisualStudioVersion = 10.0.40219.1
Project("{FAE04EC0-301F-11D3-BF4B-00C04F79EFBC}") = "題目9. 計算正整數被3整除之數值之總和", "題目9. 計算正整數被3整除之數值之總和\題目9. 計算正整數被3整除之數值之總和.csproj", "{E5D004E6-E4FE-4F8C-8492-341E72C77D92}"
EndProject
Global
	GlobalSection(SolutionConfigurationPlatforms) = preSolution
		Debug|Any CPU = Debug|Any CPU
		Release|Any CPU = Release|Any CPU
	EndGlobalSection
	GlobalSection(ProjectConfigurationPlatforms) = postSolution
		{E5D004E6-E4FE-4F8C-8492-341E72C77D92}.Debug|Any CPU.ActiveCfg = Debug|Any CPU
		{E5D004E6-E4FE-4F8C-8492-341E72C77D92}.Debug|Any CPU.Build.0 = Debug|Any CPU
		{E5D004E6-E4FE-4F8C-8492-341E72C77D92}.Release|Any CPU.ActiveCfg = Release|Any CPU
		{E5D004E6-E4FE-4F8C-8492-341E72C77D92}.Release|Any CPU.Build.0 = Release|Any CPU
	EndGlobalSection
	GlobalSection(SolutionProperties) = preSolution
		HideSolutionNode = FALSE
	EndGlobalSection
	GlobalSection(ExtensibilityGlobals) = postSolution
		SolutionGuid = {9B88816D-2C99-41E9-B678-3D7D625CEFAB}
	EndGlobalSection
EndGlobal
