
Microsoft Visual Studio Solution File, Format Version 12.00
# Visual Studio 15
VisualStudioVersion = 15.0.28307.168
MinimumVisualStudioVersion = 10.0.40219.1
Project("{FAE04EC0-301F-11D3-BF4B-00C04F79EFBC}") = "[C_AR59-易] 好數問題", "[C_AR59-易] 好數問題\[C_AR59-易] 好數問題.csproj", "{C8FC48F5-E0B7-4E26-B2B7-CA516E0F0D87}"
EndProject
Global
	GlobalSection(SolutionConfigurationPlatforms) = preSolution
		Debug|Any CPU = Debug|Any CPU
		Release|Any CPU = Release|Any CPU
	EndGlobalSection
	GlobalSection(ProjectConfigurationPlatforms) = postSolution
		{C8FC48F5-E0B7-4E26-B2B7-CA516E0F0D87}.Debug|Any CPU.ActiveCfg = Debug|Any CPU
		{C8FC48F5-E0B7-4E26-B2B7-CA516E0F0D87}.Debug|Any CPU.Build.0 = Debug|Any CPU
		{C8FC48F5-E0B7-4E26-B2B7-CA516E0F0D87}.Release|Any CPU.ActiveCfg = Release|Any CPU
		{C8FC48F5-E0B7-4E26-B2B7-CA516E0F0D87}.Release|Any CPU.Build.0 = Release|Any CPU
	EndGlobalSection
	GlobalSection(SolutionProperties) = preSolution
		HideSolutionNode = FALSE
	EndGlobalSection
	GlobalSection(ExtensibilityGlobals) = postSolution
		SolutionGuid = {2724E624-9E95-4B00-902D-8963E452D7BC}
	EndGlobalSection
EndGlobal
