
Microsoft Visual Studio Solution File, Format Version 12.00
# Visual Studio 15
VisualStudioVersion = 15.0.28307.329
MinimumVisualStudioVersion = 10.0.40219.1
Project("{FAE04EC0-301F-11D3-BF4B-00C04F79EFBC}") = "[C_MM157-易] 求費氏數列", "[C_MM157-易] 求費氏數列\[C_MM157-易] 求費氏數列.csproj", "{749B6891-5230-4553-9C19-351C34457575}"
EndProject
Global
	GlobalSection(SolutionConfigurationPlatforms) = preSolution
		Debug|Any CPU = Debug|Any CPU
		Release|Any CPU = Release|Any CPU
	EndGlobalSection
	GlobalSection(ProjectConfigurationPlatforms) = postSolution
		{749B6891-5230-4553-9C19-351C34457575}.Debug|Any CPU.ActiveCfg = Debug|Any CPU
		{749B6891-5230-4553-9C19-351C34457575}.Debug|Any CPU.Build.0 = Debug|Any CPU
		{749B6891-5230-4553-9C19-351C34457575}.Release|Any CPU.ActiveCfg = Release|Any CPU
		{749B6891-5230-4553-9C19-351C34457575}.Release|Any CPU.Build.0 = Release|Any CPU
	EndGlobalSection
	GlobalSection(SolutionProperties) = preSolution
		HideSolutionNode = FALSE
	EndGlobalSection
	GlobalSection(ExtensibilityGlobals) = postSolution
		SolutionGuid = {946D6C69-E112-4BC6-AB8B-195EFBE17C3C}
	EndGlobalSection
EndGlobal
