
Microsoft Visual Studio Solution File, Format Version 12.00
# Visual Studio 15
VisualStudioVersion = 15.0.28307.168
MinimumVisualStudioVersion = 10.0.40219.1
Project("{FAE04EC0-301F-11D3-BF4B-00C04F79EFBC}") = "[C_MM87-易] 最小公倍數問題", "[C_MM87-易] 最小公倍數問題\[C_MM87-易] 最小公倍數問題.csproj", "{61ABE025-2699-4CD0-A781-4CDAD67EDF4D}"
EndProject
Global
	GlobalSection(SolutionConfigurationPlatforms) = preSolution
		Debug|Any CPU = Debug|Any CPU
		Release|Any CPU = Release|Any CPU
	EndGlobalSection
	GlobalSection(ProjectConfigurationPlatforms) = postSolution
		{61ABE025-2699-4CD0-A781-4CDAD67EDF4D}.Debug|Any CPU.ActiveCfg = Debug|Any CPU
		{61ABE025-2699-4CD0-A781-4CDAD67EDF4D}.Debug|Any CPU.Build.0 = Debug|Any CPU
		{61ABE025-2699-4CD0-A781-4CDAD67EDF4D}.Release|Any CPU.ActiveCfg = Release|Any CPU
		{61ABE025-2699-4CD0-A781-4CDAD67EDF4D}.Release|Any CPU.Build.0 = Release|Any CPU
	EndGlobalSection
	GlobalSection(SolutionProperties) = preSolution
		HideSolutionNode = FALSE
	EndGlobalSection
	GlobalSection(ExtensibilityGlobals) = postSolution
		SolutionGuid = {FD111D68-56AA-4CF6-8939-357D05F06AB3}
	EndGlobalSection
EndGlobal
