
Microsoft Visual Studio Solution File, Format Version 12.00
# Visual Studio 15
VisualStudioVersion = 15.0.28307.168
MinimumVisualStudioVersion = 10.0.40219.1
Project("{FAE04EC0-301F-11D3-BF4B-00C04F79EFBC}") = "[C_MM153-易] 非十進位加法", "[C_MM153-易] 非十進位加法\[C_MM153-易] 非十進位加法.csproj", "{A8B9A475-8284-463C-AB50-5BB276B4E18C}"
EndProject
Global
	GlobalSection(SolutionConfigurationPlatforms) = preSolution
		Debug|Any CPU = Debug|Any CPU
		Release|Any CPU = Release|Any CPU
	EndGlobalSection
	GlobalSection(ProjectConfigurationPlatforms) = postSolution
		{A8B9A475-8284-463C-AB50-5BB276B4E18C}.Debug|Any CPU.ActiveCfg = Debug|Any CPU
		{A8B9A475-8284-463C-AB50-5BB276B4E18C}.Debug|Any CPU.Build.0 = Debug|Any CPU
		{A8B9A475-8284-463C-AB50-5BB276B4E18C}.Release|Any CPU.ActiveCfg = Release|Any CPU
		{A8B9A475-8284-463C-AB50-5BB276B4E18C}.Release|Any CPU.Build.0 = Release|Any CPU
	EndGlobalSection
	GlobalSection(SolutionProperties) = preSolution
		HideSolutionNode = FALSE
	EndGlobalSection
	GlobalSection(ExtensibilityGlobals) = postSolution
		SolutionGuid = {B44C9F49-B093-4AD6-924A-92D6E8B4CD8E}
	EndGlobalSection
EndGlobal
