
Microsoft Visual Studio Solution File, Format Version 12.00
# Visual Studio 15
VisualStudioVersion = 15.0.28307.329
MinimumVisualStudioVersion = 10.0.40219.1
Project("{FAE04EC0-301F-11D3-BF4B-00C04F79EFBC}") = "[C_AR93-易] 該亮哪些燈", "[C_AR93-易] 該亮哪些燈\[C_AR93-易] 該亮哪些燈.csproj", "{7786B5BA-01D2-4C19-8DC6-30A980BCEB72}"
EndProject
Global
	GlobalSection(SolutionConfigurationPlatforms) = preSolution
		Debug|Any CPU = Debug|Any CPU
		Release|Any CPU = Release|Any CPU
	EndGlobalSection
	GlobalSection(ProjectConfigurationPlatforms) = postSolution
		{7786B5BA-01D2-4C19-8DC6-30A980BCEB72}.Debug|Any CPU.ActiveCfg = Debug|Any CPU
		{7786B5BA-01D2-4C19-8DC6-30A980BCEB72}.Debug|Any CPU.Build.0 = Debug|Any CPU
		{7786B5BA-01D2-4C19-8DC6-30A980BCEB72}.Release|Any CPU.ActiveCfg = Release|Any CPU
		{7786B5BA-01D2-4C19-8DC6-30A980BCEB72}.Release|Any CPU.Build.0 = Release|Any CPU
	EndGlobalSection
	GlobalSection(SolutionProperties) = preSolution
		HideSolutionNode = FALSE
	EndGlobalSection
	GlobalSection(ExtensibilityGlobals) = postSolution
		SolutionGuid = {4476A980-1464-4B88-861B-73AB264AB082}
	EndGlobalSection
EndGlobal
