
Microsoft Visual Studio Solution File, Format Version 12.00
# Visual Studio 15
VisualStudioVersion = 15.0.28307.329
MinimumVisualStudioVersion = 10.0.40219.1
Project("{FAE04EC0-301F-11D3-BF4B-00C04F79EFBC}") = "[C_MM355-中] 出現三次的字串", "[C_MM355-中] 出現三次的字串\[C_MM355-中] 出現三次的字串.csproj", "{B6E0A38D-7B80-4DC3-8609-67CF885F381C}"
EndProject
Global
	GlobalSection(SolutionConfigurationPlatforms) = preSolution
		Debug|Any CPU = Debug|Any CPU
		Release|Any CPU = Release|Any CPU
	EndGlobalSection
	GlobalSection(ProjectConfigurationPlatforms) = postSolution
		{B6E0A38D-7B80-4DC3-8609-67CF885F381C}.Debug|Any CPU.ActiveCfg = Debug|Any CPU
		{B6E0A38D-7B80-4DC3-8609-67CF885F381C}.Debug|Any CPU.Build.0 = Debug|Any CPU
		{B6E0A38D-7B80-4DC3-8609-67CF885F381C}.Release|Any CPU.ActiveCfg = Release|Any CPU
		{B6E0A38D-7B80-4DC3-8609-67CF885F381C}.Release|Any CPU.Build.0 = Release|Any CPU
	EndGlobalSection
	GlobalSection(SolutionProperties) = preSolution
		HideSolutionNode = FALSE
	EndGlobalSection
	GlobalSection(ExtensibilityGlobals) = postSolution
		SolutionGuid = {F5784CF9-C718-458E-92BB-EEC9BCD7CF08}
	EndGlobalSection
EndGlobal
