
Microsoft Visual Studio Solution File, Format Version 12.00
# Visual Studio 15
VisualStudioVersion = 15.0.28307.168
MinimumVisualStudioVersion = 10.0.40219.1
Project("{FAE04EC0-301F-11D3-BF4B-00C04F79EFBC}") = "[C_ST04-易] 字元符號轉換成標準萬國碼", "[C_ST04-易] 字元符號轉換成標準萬國碼\[C_ST04-易] 字元符號轉換成標準萬國碼.csproj", "{61484F08-89DF-42B7-9F9F-F1E0B16D1A70}"
EndProject
Global
	GlobalSection(SolutionConfigurationPlatforms) = preSolution
		Debug|Any CPU = Debug|Any CPU
		Release|Any CPU = Release|Any CPU
	EndGlobalSection
	GlobalSection(ProjectConfigurationPlatforms) = postSolution
		{61484F08-89DF-42B7-9F9F-F1E0B16D1A70}.Debug|Any CPU.ActiveCfg = Debug|Any CPU
		{61484F08-89DF-42B7-9F9F-F1E0B16D1A70}.Debug|Any CPU.Build.0 = Debug|Any CPU
		{61484F08-89DF-42B7-9F9F-F1E0B16D1A70}.Release|Any CPU.ActiveCfg = Release|Any CPU
		{61484F08-89DF-42B7-9F9F-F1E0B16D1A70}.Release|Any CPU.Build.0 = Release|Any CPU
	EndGlobalSection
	GlobalSection(SolutionProperties) = preSolution
		HideSolutionNode = FALSE
	EndGlobalSection
	GlobalSection(ExtensibilityGlobals) = postSolution
		SolutionGuid = {691354CD-456B-4B98-AFD9-3EC65972E50F}
	EndGlobalSection
EndGlobal
