
Microsoft Visual Studio Solution File, Format Version 12.00
# Visual Studio 15
VisualStudioVersion = 15.0.28307.329
MinimumVisualStudioVersion = 10.0.40219.1
Project("{FAE04EC0-301F-11D3-BF4B-00C04F79EFBC}") = "[C_MM94-易] 尾數前移", "[C_MM94-易] 尾數前移\[C_MM94-易] 尾數前移.csproj", "{558847DE-22D7-4812-85D0-124CAC07DE53}"
EndProject
Global
	GlobalSection(SolutionConfigurationPlatforms) = preSolution
		Debug|Any CPU = Debug|Any CPU
		Release|Any CPU = Release|Any CPU
	EndGlobalSection
	GlobalSection(ProjectConfigurationPlatforms) = postSolution
		{558847DE-22D7-4812-85D0-124CAC07DE53}.Debug|Any CPU.ActiveCfg = Debug|Any CPU
		{558847DE-22D7-4812-85D0-124CAC07DE53}.Debug|Any CPU.Build.0 = Debug|Any CPU
		{558847DE-22D7-4812-85D0-124CAC07DE53}.Release|Any CPU.ActiveCfg = Release|Any CPU
		{558847DE-22D7-4812-85D0-124CAC07DE53}.Release|Any CPU.Build.0 = Release|Any CPU
	EndGlobalSection
	GlobalSection(SolutionProperties) = preSolution
		HideSolutionNode = FALSE
	EndGlobalSection
	GlobalSection(ExtensibilityGlobals) = postSolution
		SolutionGuid = {D9F53331-5CA2-4570-A8B7-0E7C5B0C1859}
	EndGlobalSection
EndGlobal
