
Microsoft Visual Studio Solution File, Format Version 12.00
# Visual Studio 15
VisualStudioVersion = 15.0.28307.168
MinimumVisualStudioVersion = 10.0.40219.1
Project("{FAE04EC0-301F-11D3-BF4B-00C04F79EFBC}") = "[C_CH10-中] The 3n + 1 problem", "[C_CH10-中] The 3n + 1 problem\[C_CH10-中] The 3n + 1 problem.csproj", "{C1BD01EF-60D2-45E9-B722-CAD686688068}"
EndProject
Global
	GlobalSection(SolutionConfigurationPlatforms) = preSolution
		Debug|Any CPU = Debug|Any CPU
		Release|Any CPU = Release|Any CPU
	EndGlobalSection
	GlobalSection(ProjectConfigurationPlatforms) = postSolution
		{C1BD01EF-60D2-45E9-B722-CAD686688068}.Debug|Any CPU.ActiveCfg = Debug|Any CPU
		{C1BD01EF-60D2-45E9-B722-CAD686688068}.Debug|Any CPU.Build.0 = Debug|Any CPU
		{C1BD01EF-60D2-45E9-B722-CAD686688068}.Release|Any CPU.ActiveCfg = Release|Any CPU
		{C1BD01EF-60D2-45E9-B722-CAD686688068}.Release|Any CPU.Build.0 = Release|Any CPU
	EndGlobalSection
	GlobalSection(SolutionProperties) = preSolution
		HideSolutionNode = FALSE
	EndGlobalSection
	GlobalSection(ExtensibilityGlobals) = postSolution
		SolutionGuid = {60014FEF-C0B7-47EE-872D-807A24638566}
	EndGlobalSection
EndGlobal
