
Microsoft Visual Studio Solution File, Format Version 12.00
# Visual Studio 15
VisualStudioVersion = 15.0.28307.329
MinimumVisualStudioVersion = 10.0.40219.1
Project("{FAE04EC0-301F-11D3-BF4B-00C04F79EFBC}") = "[C_AR226-中]擲骰子", "[C_AR226-中]擲骰子\[C_AR226-中]擲骰子.csproj", "{B747D31F-9CA1-424D-AC24-EEAE0A89A530}"
EndProject
Global
	GlobalSection(SolutionConfigurationPlatforms) = preSolution
		Debug|Any CPU = Debug|Any CPU
		Release|Any CPU = Release|Any CPU
	EndGlobalSection
	GlobalSection(ProjectConfigurationPlatforms) = postSolution
		{B747D31F-9CA1-424D-AC24-EEAE0A89A530}.Debug|Any CPU.ActiveCfg = Debug|Any CPU
		{B747D31F-9CA1-424D-AC24-EEAE0A89A530}.Debug|Any CPU.Build.0 = Debug|Any CPU
		{B747D31F-9CA1-424D-AC24-EEAE0A89A530}.Release|Any CPU.ActiveCfg = Release|Any CPU
		{B747D31F-9CA1-424D-AC24-EEAE0A89A530}.Release|Any CPU.Build.0 = Release|Any CPU
	EndGlobalSection
	GlobalSection(SolutionProperties) = preSolution
		HideSolutionNode = FALSE
	EndGlobalSection
	GlobalSection(ExtensibilityGlobals) = postSolution
		SolutionGuid = {3C7A2950-F026-4270-958E-DB6FBB740743}
	EndGlobalSection
EndGlobal
