
Microsoft Visual Studio Solution File, Format Version 12.00
# Visual Studio 15
VisualStudioVersion = 15.0.28307.168
MinimumVisualStudioVersion = 10.0.40219.1
Project("{FAE04EC0-301F-11D3-BF4B-00C04F79EFBC}") = "[C_AR20-易] 檢查數值是否有重複", "[C_AR20-易] 檢查數值是否有重複\[C_AR20-易] 檢查數值是否有重複.csproj", "{438EBF35-52F5-4C32-AB63-3FCD80AFA1D6}"
EndProject
Global
	GlobalSection(SolutionConfigurationPlatforms) = preSolution
		Debug|Any CPU = Debug|Any CPU
		Release|Any CPU = Release|Any CPU
	EndGlobalSection
	GlobalSection(ProjectConfigurationPlatforms) = postSolution
		{438EBF35-52F5-4C32-AB63-3FCD80AFA1D6}.Debug|Any CPU.ActiveCfg = Debug|Any CPU
		{438EBF35-52F5-4C32-AB63-3FCD80AFA1D6}.Debug|Any CPU.Build.0 = Debug|Any CPU
		{438EBF35-52F5-4C32-AB63-3FCD80AFA1D6}.Release|Any CPU.ActiveCfg = Release|Any CPU
		{438EBF35-52F5-4C32-AB63-3FCD80AFA1D6}.Release|Any CPU.Build.0 = Release|Any CPU
	EndGlobalSection
	GlobalSection(SolutionProperties) = preSolution
		HideSolutionNode = FALSE
	EndGlobalSection
	GlobalSection(ExtensibilityGlobals) = postSolution
		SolutionGuid = {BDC238A6-3711-4954-8A86-79B64ECBA89D}
	EndGlobalSection
EndGlobal
