
Microsoft Visual Studio Solution File, Format Version 12.00
# Visual Studio 15
VisualStudioVersion = 15.0.28307.168
MinimumVisualStudioVersion = 10.0.40219.1
Project("{FAE04EC0-301F-11D3-BF4B-00C04F79EFBC}") = "[C_ST125-易] 字串切割", "[C_ST125-易] 字串切割\[C_ST125-易] 字串切割.csproj", "{B4165D34-512B-42A0-A491-0592990EAD70}"
EndProject
Global
	GlobalSection(SolutionConfigurationPlatforms) = preSolution
		Debug|Any CPU = Debug|Any CPU
		Release|Any CPU = Release|Any CPU
	EndGlobalSection
	GlobalSection(ProjectConfigurationPlatforms) = postSolution
		{B4165D34-512B-42A0-A491-0592990EAD70}.Debug|Any CPU.ActiveCfg = Debug|Any CPU
		{B4165D34-512B-42A0-A491-0592990EAD70}.Debug|Any CPU.Build.0 = Debug|Any CPU
		{B4165D34-512B-42A0-A491-0592990EAD70}.Release|Any CPU.ActiveCfg = Release|Any CPU
		{B4165D34-512B-42A0-A491-0592990EAD70}.Release|Any CPU.Build.0 = Release|Any CPU
	EndGlobalSection
	GlobalSection(SolutionProperties) = preSolution
		HideSolutionNode = FALSE
	EndGlobalSection
	GlobalSection(ExtensibilityGlobals) = postSolution
		SolutionGuid = {138D5060-CC25-4A2C-8131-65B29253CB6B}
	EndGlobalSection
EndGlobal
