
Microsoft Visual Studio Solution File, Format Version 12.00
# Visual Studio Version 16
VisualStudioVersion = 16.0.28803.452
MinimumVisualStudioVersion = 10.0.40219.1
Project("{FAE04EC0-301F-11D3-BF4B-00C04F79EFBC}") = "[AR27-易] Who is missing", "[AR27-易] Who is missing\[AR27-易] Who is missing.csproj", "{A409DD84-D3F0-49D5-B110-0535BE6CC9CD}"
EndProject
Global
	GlobalSection(SolutionConfigurationPlatforms) = preSolution
		Debug|Any CPU = Debug|Any CPU
		Release|Any CPU = Release|Any CPU
	EndGlobalSection
	GlobalSection(ProjectConfigurationPlatforms) = postSolution
		{A409DD84-D3F0-49D5-B110-0535BE6CC9CD}.Debug|Any CPU.ActiveCfg = Debug|Any CPU
		{A409DD84-D3F0-49D5-B110-0535BE6CC9CD}.Debug|Any CPU.Build.0 = Debug|Any CPU
		{A409DD84-D3F0-49D5-B110-0535BE6CC9CD}.Release|Any CPU.ActiveCfg = Release|Any CPU
		{A409DD84-D3F0-49D5-B110-0535BE6CC9CD}.Release|Any CPU.Build.0 = Release|Any CPU
	EndGlobalSection
	GlobalSection(SolutionProperties) = preSolution
		HideSolutionNode = FALSE
	EndGlobalSection
	GlobalSection(ExtensibilityGlobals) = postSolution
		SolutionGuid = {D65B2D4B-3F07-4454-852E-6026D55DB695}
	EndGlobalSection
EndGlobal
