
Microsoft Visual Studio Solution File, Format Version 12.00
# Visual Studio 15
VisualStudioVersion = 15.0.28010.2048
MinimumVisualStudioVersion = 10.0.40219.1
Project("{FAE04EC0-301F-11D3-BF4B-00C04F79EFBC}") = "十進位轉十六進位", "十進位轉十六進位\十進位轉十六進位.csproj", "{AC6AC236-633A-4D55-96FF-13A2C0DC59A5}"
EndProject
Global
	GlobalSection(SolutionConfigurationPlatforms) = preSolution
		Debug|Any CPU = Debug|Any CPU
		Release|Any CPU = Release|Any CPU
	EndGlobalSection
	GlobalSection(ProjectConfigurationPlatforms) = postSolution
		{AC6AC236-633A-4D55-96FF-13A2C0DC59A5}.Debug|Any CPU.ActiveCfg = Debug|Any CPU
		{AC6AC236-633A-4D55-96FF-13A2C0DC59A5}.Debug|Any CPU.Build.0 = Debug|Any CPU
		{AC6AC236-633A-4D55-96FF-13A2C0DC59A5}.Release|Any CPU.ActiveCfg = Release|Any CPU
		{AC6AC236-633A-4D55-96FF-13A2C0DC59A5}.Release|Any CPU.Build.0 = Release|Any CPU
	EndGlobalSection
	GlobalSection(SolutionProperties) = preSolution
		HideSolutionNode = FALSE
	EndGlobalSection
	GlobalSection(ExtensibilityGlobals) = postSolution
		SolutionGuid = {AD1C5C5D-C93F-4443-BA72-80E7533585A8}
	EndGlobalSection
EndGlobal
