
Microsoft Visual Studio Solution File, Format Version 12.00
# Visual Studio 15
VisualStudioVersion = 15.0.28307.136
MinimumVisualStudioVersion = 10.0.40219.1
Project("{FAE04EC0-301F-11D3-BF4B-00C04F79EFBC}") = "判斷是否為迴文", "判斷是否為迴文\判斷是否為迴文.csproj", "{378715DE-3412-48C1-9096-4E63D94E6597}"
EndProject
Global
	GlobalSection(SolutionConfigurationPlatforms) = preSolution
		Debug|Any CPU = Debug|Any CPU
		Release|Any CPU = Release|Any CPU
	EndGlobalSection
	GlobalSection(ProjectConfigurationPlatforms) = postSolution
		{378715DE-3412-48C1-9096-4E63D94E6597}.Debug|Any CPU.ActiveCfg = Debug|Any CPU
		{378715DE-3412-48C1-9096-4E63D94E6597}.Debug|Any CPU.Build.0 = Debug|Any CPU
		{378715DE-3412-48C1-9096-4E63D94E6597}.Release|Any CPU.ActiveCfg = Release|Any CPU
		{378715DE-3412-48C1-9096-4E63D94E6597}.Release|Any CPU.Build.0 = Release|Any CPU
	EndGlobalSection
	GlobalSection(SolutionProperties) = preSolution
		HideSolutionNode = FALSE
	EndGlobalSection
	GlobalSection(ExtensibilityGlobals) = postSolution
		SolutionGuid = {5DA18565-82E7-4C78-97E3-CD521D3083AF}
	EndGlobalSection
EndGlobal
