
Microsoft Visual Studio Solution File, Format Version 12.00
# Visual Studio 15
VisualStudioVersion = 15.0.28307.168
MinimumVisualStudioVersion = 10.0.40219.1
Project("{FAE04EC0-301F-11D3-BF4B-00C04F79EFBC}") = "[C_CH09-易] 利用振幅和頻率計算波", "[C_CH09-易] 利用振幅和頻率計算波\[C_CH09-易] 利用振幅和頻率計算波.csproj", "{B565A884-F296-4AA1-99BD-F276A95E1FD3}"
EndProject
Global
	GlobalSection(SolutionConfigurationPlatforms) = preSolution
		Debug|Any CPU = Debug|Any CPU
		Release|Any CPU = Release|Any CPU
	EndGlobalSection
	GlobalSection(ProjectConfigurationPlatforms) = postSolution
		{B565A884-F296-4AA1-99BD-F276A95E1FD3}.Debug|Any CPU.ActiveCfg = Debug|Any CPU
		{B565A884-F296-4AA1-99BD-F276A95E1FD3}.Debug|Any CPU.Build.0 = Debug|Any CPU
		{B565A884-F296-4AA1-99BD-F276A95E1FD3}.Release|Any CPU.ActiveCfg = Release|Any CPU
		{B565A884-F296-4AA1-99BD-F276A95E1FD3}.Release|Any CPU.Build.0 = Release|Any CPU
	EndGlobalSection
	GlobalSection(SolutionProperties) = preSolution
		HideSolutionNode = FALSE
	EndGlobalSection
	GlobalSection(ExtensibilityGlobals) = postSolution
		SolutionGuid = {FEDFC4E7-B76E-4D4A-B7FE-BB694A95C42F}
	EndGlobalSection
EndGlobal
